{
  "requires": true,
  "lockfileVersion": 1,
  "dependencies": {
    "@prisma/bar": {
      "version": "0.0.1",
      "resolved": "https://registry.npmjs.org/@prisma/bar/-/bar-0.0.1.tgz",
      "integrity": "sha512-FVLhwVkbfhXlBhroWfIXMLi+3Jh9IEzYp+9z+MUUiw3ZsbcoAil7CN9/QIjHc4/TcCRyRfuSmT7qCnn4O+TjJw=="
    },
    "@prisma/cli": {
      "version": "2.13.1",
      "resolved": "https://registry.npmjs.org/@prisma/cli/-/cli-2.13.1.tgz",
      "integrity": "sha512-1KIo29GFAM/oe56oVFB6SjLV+xaunBtcnln1v0KcSn0bx1MgdN00o0haB5qTqRwnqEMTqsS81zH8VwdIgQhn6A==",
      "requires": {
        "@prisma/bar": "^0.0.1",
        "@prisma/engines": "2.13.1-2.fcbc4bb2d306c86c28014f596b1e8c7980af8bd4"
      }
    },
    "@prisma/client": {
      "version": "2.13.1",
      "resolved": "https://registry.npmjs.org/@prisma/client/-/client-2.13.1.tgz",
      "integrity": "sha512-aD33DJpVHU3VqwDk5PEgnffbQeilUqmwVgqIxstVEiZ7TSs5oXQjwsSWAEfuvzPsR/rMJdeauAov58WHlMbVVA==",
      "requires": {
        "@prisma/engines-version": "2.13.1-2.fcbc4bb2d306c86c28014f596b1e8c7980af8bd4"
      },
      "dependencies": {
        "@prisma/engines-version": {
          "version": "2.13.1-2.fcbc4bb2d306c86c28014f596b1e8c7980af8bd4",
          "resolved": "https://registry.npmjs.org/@prisma/engines-version/-/engines-version-2.13.1-2.fcbc4bb2d306c86c28014f596b1e8c7980af8bd4.tgz",
          "integrity": "sha512-xMfD9iu03XSTgZqgWYqTnKYfmabjY+U2tj7ClA1WQqLziY0ZGI48tZQpNe6WGzv+6nVss3PpfHfkKlM0kzhZbw=="
        }
      }
    },
    "@prisma/engines": {
      "version": "2.13.1-2.fcbc4bb2d306c86c28014f596b1e8c7980af8bd4",
      "resolved": "https://registry.npmjs.org/@prisma/engines/-/engines-2.13.1-2.fcbc4bb2d306c86c28014f596b1e8c7980af8bd4.tgz",
      "integrity": "sha512-APwZRomHG94bOc3jY6kaoEOkVdavN859c5hCFOjhy014Uut8v5+dg1lz3RzUaiiSHK8NwgGKrO5rqO09yGu8Eg=="
    },
    "@prisma/engines-version": {
      "version": "2.14.0-26.59cf08bf47e90cb37532900059f3328b4328237c",
      "resolved": "https://registry.npmjs.org/@prisma/engines-version/-/engines-version-2.14.0-26.59cf08bf47e90cb37532900059f3328b4328237c.tgz",
      "integrity": "sha512-Dvh81oMjLRw+5BpQFWmDoIugWFcQLlx+vzyte3lHolCJ27AaT2onLGy7omYJQPR+ZPtTic0IR5PVzVeWZD6q5g=="
    }
  }
}
