{
  "name": "prisma-test",
  "version": "1.0.0",
  "lockfileVersion": 3,
  "requires": true,
  "packages": {
    "": {
      "name": "prisma-test",
      "version": "1.0.0",
      "dependencies": {
        "@prisma/client": "^6.19.0",
        "dotenv": "^16.3.1",
        "prisma": "^6.19.0"
      },
      "devDependencies": {
        "@prisma/internals": "^6.19.0"
      }
    },
    "node_modules/@prisma/client": {
      "version": "6.19.0",
      "resolved": "https://registry.npmjs.org/@prisma/client/-/client-6.19.0.tgz",
      "integrity": "sha512-QXFT+N/bva/QI2qoXmjBzL7D6aliPffIwP+81AdTGq0FXDoLxLkWivGMawG8iM5B9BKfxLIXxfWWAF6wbuJU6g==",
      "hasInstallScript": true,
      "license": "Apache-2.0",
      "engines": {
        "node": ">=18.18"
      },
      "peerDependencies": {
        "prisma": "*",
        "typescript": ">=5.1.0"
      },
      "peerDependenciesMeta": {
        "prisma": {
          "optional": true
        },
        "typescript": {
          "optional": true
        }
      }
    },
    "node_modules/@prisma/config": {
      "version": "6.19.0",
      "resolved": "https://registry.npmjs.org/@prisma/config/-/config-6.19.0.tgz",
      "integrity": "sha512-zwCayme+NzI/WfrvFEtkFhhOaZb/hI+X8TTjzjJ252VbPxAl2hWHK5NMczmnG9sXck2lsXrxIZuK524E25UNmg==",
      "license": "Apache-2.0",
      "dependencies": {
        "c12": "3.1.0",
        "deepmerge-ts": "7.1.5",
        "effect": "3.18.4",
        "empathic": "2.0.0"
      }
    },
    "node_modules/@prisma/debug": {
      "version": "6.19.0",
      "resolved": "https://registry.npmjs.org/@prisma/debug/-/debug-6.19.0.tgz",
      "integrity": "sha512-8hAdGG7JmxrzFcTzXZajlQCidX0XNkMJkpqtfbLV54wC6LSSX6Vni25W/G+nAANwLnZ2TmwkfIuWetA7jJxJFA==",
      "license": "Apache-2.0"
    },
    "node_modules/@prisma/dmmf": {
      "version": "6.19.0",
      "resolved": "https://registry.npmjs.org/@prisma/dmmf/-/dmmf-6.19.0.tgz",
      "integrity": "sha512-hmMbAxnA+JAe9mGtfgO5BPumFIXsxHsp9o/9fV70TzBGAcTw+yARsHs1QnOkx1ZIIRDJ/iJ+WHhAvwCQBnNXmw==",
      "dev": true,
      "license": "Apache-2.0"
    },
    "node_modules/@prisma/driver-adapter-utils": {
      "version": "6.19.0",
      "resolved": "https://registry.npmjs.org/@prisma/driver-adapter-utils/-/driver-adapter-utils-6.19.0.tgz",
      "integrity": "sha512-VAC/wFebV569Jk7iEqzLxekM2A5toKYAr6cPM2KWVHiRHgyjsh/IHf++Xo67q8uor/JxY8mwOuyQyuxkstSf5w==",
      "dev": true,
      "license": "Apache-2.0",
      "dependencies": {
        "@prisma/debug": "6.19.0"
      }
    },
    "node_modules/@prisma/engines": {
      "version": "6.19.0",
      "resolved": "https://registry.npmjs.org/@prisma/engines/-/engines-6.19.0.tgz",
      "integrity": "sha512-pMRJ+1S6NVdXoB8QJAPIGpKZevFjxhKt0paCkRDTZiczKb7F4yTgRP8M4JdVkpQwmaD4EoJf6qA+p61godDokw==",
      "hasInstallScript": true,
      "license": "Apache-2.0",
      "dependencies": {
        "@prisma/debug": "6.19.0",
        "@prisma/engines-version": "6.19.0-26.2ba551f319ab1df4bc874a89965d8b3641056773",
        "@prisma/fetch-engine": "6.19.0",
        "@prisma/get-platform": "6.19.0"
      }
    },
    "node_modules/@prisma/engines-version": {
      "version": "6.19.0-26.2ba551f319ab1df4bc874a89965d8b3641056773",
      "resolved": "https://registry.npmjs.org/@prisma/engines-version/-/engines-version-6.19.0-26.2ba551f319ab1df4bc874a89965d8b3641056773.tgz",
      "integrity": "sha512-gV7uOBQfAFlWDvPJdQxMT1aSRur3a0EkU/6cfbAC5isV67tKDWUrPauyaHNpB+wN1ebM4A9jn/f4gH+3iHSYSQ==",
      "license": "Apache-2.0"
    },
    "node_modules/@prisma/fetch-engine": {
      "version": "6.19.0",
      "resolved": "https://registry.npmjs.org/@prisma/fetch-engine/-/fetch-engine-6.19.0.tgz",
      "integrity": "sha512-OOx2Lda0DGrZ1rodADT06ZGqHzr7HY7LNMaFE2Vp8dp146uJld58sRuasdX0OiwpHgl8SqDTUKHNUyzEq7pDdQ==",
      "license": "Apache-2.0",
      "dependencies": {
        "@prisma/debug": "6.19.0",
        "@prisma/engines-version": "6.19.0-26.2ba551f319ab1df4bc874a89965d8b3641056773",
        "@prisma/get-platform": "6.19.0"
      }
    },
    "node_modules/@prisma/generator": {
      "version": "6.19.0",
      "resolved": "https://registry.npmjs.org/@prisma/generator/-/generator-6.19.0.tgz",
      "integrity": "sha512-yRfG3ZjkzzizEibA5HqwP64GS1+qit2YujV8pUBFHzDzi0mcxwBxpH2mcKjULXZvg1Nfvfnwwd8PpCEG7LuJfA==",
      "dev": true,
      "license": "Apache-2.0"
    },
    "node_modules/@prisma/generator-helper": {
      "version": "6.19.0",
      "resolved": "https://registry.npmjs.org/@prisma/generator-helper/-/generator-helper-6.19.0.tgz",
      "integrity": "sha512-RwRzgm5O+xfCXkRltdHC7XSDhXNkS2dnJ9SNAL52Ke4r28Gb6lelR/eUGcY8w8BaX/jEu6vZgcyFRdqZB6B1gg==",
      "dev": true,
      "license": "Apache-2.0",
      "dependencies": {
        "@prisma/debug": "6.19.0",
        "@prisma/dmmf": "6.19.0",
        "@prisma/generator": "6.19.0"
      }
    },
    "node_modules/@prisma/get-platform": {
      "version": "6.19.0",
      "resolved": "https://registry.npmjs.org/@prisma/get-platform/-/get-platform-6.19.0.tgz",
      "integrity": "sha512-ym85WDO2yDhC3fIXHWYpG3kVMBA49cL1XD2GCsCF8xbwoy2OkDQY44gEbAt2X46IQ4Apq9H6g0Ex1iFfPqEkHA==",
      "license": "Apache-2.0",
      "dependencies": {
        "@prisma/debug": "6.19.0"
      }
    },
    "node_modules/@prisma/internals": {
      "version": "6.19.0",
      "resolved": "https://registry.npmjs.org/@prisma/internals/-/internals-6.19.0.tgz",
      "integrity": "sha512-icODdXwCYu6k91YMU+vWCzomaF+U/bPa9diAeKdOuCe+MaLF7JDrpZMcwu9xofLg4U+cpvnIr0UrDBGjbzKYgQ==",
      "dev": true,
      "license": "Apache-2.0",
      "dependencies": {
        "@prisma/config": "6.19.0",
        "@prisma/debug": "6.19.0",
        "@prisma/dmmf": "6.19.0",
        "@prisma/driver-adapter-utils": "6.19.0",
        "@prisma/engines": "6.19.0",
        "@prisma/fetch-engine": "6.19.0",
        "@prisma/generator": "6.19.0",
        "@prisma/generator-helper": "6.19.0",
        "@prisma/get-platform": "6.19.0",
        "@prisma/prisma-schema-wasm": "6.19.0-26.2ba551f319ab1df4bc874a89965d8b3641056773",
        "@prisma/schema-engine-wasm": "6.19.0-26.2ba551f319ab1df4bc874a89965d8b3641056773",
        "@prisma/schema-files-loader": "6.19.0",
        "arg": "5.0.2",
        "prompts": "2.4.2"
      },
      "peerDependencies": {
        "typescript": ">=5.1.0"
      },
      "peerDependenciesMeta": {
        "typescript": {
          "optional": true
        }
      }
    },
    "node_modules/@prisma/prisma-schema-wasm": {
      "version": "6.19.0-26.2ba551f319ab1df4bc874a89965d8b3641056773",
      "resolved": "https://registry.npmjs.org/@prisma/prisma-schema-wasm/-/prisma-schema-wasm-6.19.0-26.2ba551f319ab1df4bc874a89965d8b3641056773.tgz",
      "integrity": "sha512-5au1UH9+jky4TtIdgxDUA9Mk+40R2hDwZnhjjzR1io7WFtIKP6e5DI7yQ5QVysY8Ves8KWDsvwzDOn6gYNY4iA==",
      "dev": true,
      "license": "Apache-2.0"
    },
    "node_modules/@prisma/schema-engine-wasm": {
      "version": "6.19.0-26.2ba551f319ab1df4bc874a89965d8b3641056773",
      "resolved": "https://registry.npmjs.org/@prisma/schema-engine-wasm/-/schema-engine-wasm-6.19.0-26.2ba551f319ab1df4bc874a89965d8b3641056773.tgz",
      "integrity": "sha512-tNOXcsEScWwjJJeEteqH5/5c+LkaB83By8qqK/VANf5yq4fG5ATe82gzDpjEiNbN+JzLjJYX/olU5TemN9nUYA==",
      "dev": true,
      "license": "Apache-2.0"
    },
    "node_modules/@prisma/schema-files-loader": {
      "version": "6.19.0",
      "resolved": "https://registry.npmjs.org/@prisma/schema-files-loader/-/schema-files-loader-6.19.0.tgz",
      "integrity": "sha512-5+TWqBFfEXwdinmNIjiZu5XyH5NlLWbZWmUaytSX3t7krHJStgl/F6T+rGzewMlXq0ievDoOoGgF7BQhUJh++Q==",
      "dev": true,
      "license": "Apache-2.0",
      "dependencies": {
        "@prisma/prisma-schema-wasm": "6.19.0-26.2ba551f319ab1df4bc874a89965d8b3641056773",
        "fs-extra": "11.3.0"
      }
    },
    "node_modules/@standard-schema/spec": {
      "version": "1.0.0",
      "resolved": "https://registry.npmjs.org/@standard-schema/spec/-/spec-1.0.0.tgz",
      "integrity": "sha512-m2bOd0f2RT9k8QJx1JN85cZYyH1RqFBdlwtkSlf4tBDYLCiiZnv1fIIwacK6cqwXavOydf0NPToMQgpKq+dVlA==",
      "license": "MIT"
    },
    "node_modules/arg": {
      "version": "5.0.2",
      "resolved": "https://registry.npmjs.org/arg/-/arg-5.0.2.tgz",
      "integrity": "sha512-PYjyFOLKQ9y57JvQ6QLo8dAgNqswh8M1RMJYdQduT6xbWSgK36P/Z/v+p888pM69jMMfS8Xd8F6I1kQ/I9HUGg==",
      "dev": true,
      "license": "MIT"
    },
    "node_modules/c12": {
      "version": "3.1.0",
      "resolved": "https://registry.npmjs.org/c12/-/c12-3.1.0.tgz",
      "integrity": "sha512-uWoS8OU1MEIsOv8p/5a82c3H31LsWVR5qiyXVfBNOzfffjUWtPnhAb4BYI2uG2HfGmZmFjCtui5XNWaps+iFuw==",
      "license": "MIT",
      "dependencies": {
        "chokidar": "^4.0.3",
        "confbox": "^0.2.2",
        "defu": "^6.1.4",
        "dotenv": "^16.6.1",
        "exsolve": "^1.0.7",
        "giget": "^2.0.0",
        "jiti": "^2.4.2",
        "ohash": "^2.0.11",
        "pathe": "^2.0.3",
        "perfect-debounce": "^1.0.0",
        "pkg-types": "^2.2.0",
        "rc9": "^2.1.2"
      },
      "peerDependencies": {
        "magicast": "^0.3.5"
      },
      "peerDependenciesMeta": {
        "magicast": {
          "optional": true
        }
      }
    },
    "node_modules/chokidar": {
      "version": "4.0.3",
      "resolved": "https://registry.npmjs.org/chokidar/-/chokidar-4.0.3.tgz",
      "integrity": "sha512-Qgzu8kfBvo+cA4962jnP1KkS6Dop5NS6g7R5LFYJr4b8Ub94PPQXUksCw9PvXoeXPRRddRNC5C1JQUR2SMGtnA==",
      "license": "MIT",
      "dependencies": {
        "readdirp": "^4.0.1"
      },
      "engines": {
        "node": ">= 14.16.0"
      },
      "funding": {
        "url": "https://paulmillr.com/funding/"
      }
    },
    "node_modules/citty": {
      "version": "0.1.6",
      "resolved": "https://registry.npmjs.org/citty/-/citty-0.1.6.tgz",
      "integrity": "sha512-tskPPKEs8D2KPafUypv2gxwJP8h/OaJmC82QQGGDQcHvXX43xF2VDACcJVmZ0EuSxkpO9Kc4MlrA3q0+FG58AQ==",
      "license": "MIT",
      "dependencies": {
        "consola": "^3.2.3"
      }
    },
    "node_modules/confbox": {
      "version": "0.2.2",
      "resolved": "https://registry.npmjs.org/confbox/-/confbox-0.2.2.tgz",
      "integrity": "sha512-1NB+BKqhtNipMsov4xI/NnhCKp9XG9NamYp5PVm9klAT0fsrNPjaFICsCFhNhwZJKNh7zB/3q8qXz0E9oaMNtQ==",
      "license": "MIT"
    },
    "node_modules/consola": {
      "version": "3.4.2",
      "resolved": "https://registry.npmjs.org/consola/-/consola-3.4.2.tgz",
      "integrity": "sha512-5IKcdX0nnYavi6G7TtOhwkYzyjfJlatbjMjuLSfE2kYT5pMDOilZ4OvMhi637CcDICTmz3wARPoyhqyX1Y+XvA==",
      "license": "MIT",
      "engines": {
        "node": "^14.18.0 || >=16.10.0"
      }
    },
    "node_modules/deepmerge-ts": {
      "version": "7.1.5",
      "resolved": "https://registry.npmjs.org/deepmerge-ts/-/deepmerge-ts-7.1.5.tgz",
      "integrity": "sha512-HOJkrhaYsweh+W+e74Yn7YStZOilkoPb6fycpwNLKzSPtruFs48nYis0zy5yJz1+ktUhHxoRDJ27RQAWLIJVJw==",
      "license": "BSD-3-Clause",
      "engines": {
        "node": ">=16.0.0"
      }
    },
    "node_modules/defu": {
      "version": "6.1.4",
      "resolved": "https://registry.npmjs.org/defu/-/defu-6.1.4.tgz",
      "integrity": "sha512-mEQCMmwJu317oSz8CwdIOdwf3xMif1ttiM8LTufzc3g6kR+9Pe236twL8j3IYT1F7GfRgGcW6MWxzZjLIkuHIg==",
      "license": "MIT"
    },
    "node_modules/destr": {
      "version": "2.0.5",
      "resolved": "https://registry.npmjs.org/destr/-/destr-2.0.5.tgz",
      "integrity": "sha512-ugFTXCtDZunbzasqBxrK93Ik/DRYsO6S/fedkWEMKqt04xZ4csmnmwGDBAb07QWNaGMAmnTIemsYZCksjATwsA==",
      "license": "MIT"
    },
    "node_modules/dotenv": {
      "version": "16.6.1",
      "resolved": "https://registry.npmjs.org/dotenv/-/dotenv-16.6.1.tgz",
      "integrity": "sha512-uBq4egWHTcTt33a72vpSG0z3HnPuIl6NqYcTrKEg2azoEyl2hpW0zqlxysq2pK9HlDIHyHyakeYaYnSAwd8bow==",
      "license": "BSD-2-Clause",
      "engines": {
        "node": ">=12"
      },
      "funding": {
        "url": "https://dotenvx.com"
      }
    },
    "node_modules/effect": {
      "version": "3.18.4",
      "resolved": "https://registry.npmjs.org/effect/-/effect-3.18.4.tgz",
      "integrity": "sha512-b1LXQJLe9D11wfnOKAk3PKxuqYshQ0Heez+y5pnkd3jLj1yx9QhM72zZ9uUrOQyNvrs2GZZd/3maL0ZV18YuDA==",
      "license": "MIT",
      "dependencies": {
        "@standard-schema/spec": "^1.0.0",
        "fast-check": "^3.23.1"
      }
    },
    "node_modules/empathic": {
      "version": "2.0.0",
      "resolved": "https://registry.npmjs.org/empathic/-/empathic-2.0.0.tgz",
      "integrity": "sha512-i6UzDscO/XfAcNYD75CfICkmfLedpyPDdozrLMmQc5ORaQcdMoc21OnlEylMIqI7U8eniKrPMxxtj8k0vhmJhA==",
      "license": "MIT",
      "engines": {
        "node": ">=14"
      }
    },
    "node_modules/exsolve": {
      "version": "1.0.7",
      "resolved": "https://registry.npmjs.org/exsolve/-/exsolve-1.0.7.tgz",
      "integrity": "sha512-VO5fQUzZtI6C+vx4w/4BWJpg3s/5l+6pRQEHzFRM8WFi4XffSP1Z+4qi7GbjWbvRQEbdIco5mIMq+zX4rPuLrw==",
      "license": "MIT"
    },
    "node_modules/fast-check": {
      "version": "3.23.2",
      "resolved": "https://registry.npmjs.org/fast-check/-/fast-check-3.23.2.tgz",
      "integrity": "sha512-h5+1OzzfCC3Ef7VbtKdcv7zsstUQwUDlYpUTvjeUsJAssPgLn7QzbboPtL5ro04Mq0rPOsMzl7q5hIbRs2wD1A==",
      "funding": [
        {
          "type": "individual",
          "url": "https://github.com/sponsors/dubzzz"
        },
        {
          "type": "opencollective",
          "url": "https://opencollective.com/fast-check"
        }
      ],
      "license": "MIT",
      "dependencies": {
        "pure-rand": "^6.1.0"
      },
      "engines": {
        "node": ">=8.0.0"
      }
    },
    "node_modules/fs-extra": {
      "version": "11.3.0",
      "resolved": "https://registry.npmjs.org/fs-extra/-/fs-extra-11.3.0.tgz",
      "integrity": "sha512-Z4XaCL6dUDHfP/jT25jJKMmtxvuwbkrD1vNSMFlo9lNLY2c5FHYSQgHPRZUjAB26TpDEoW9HCOgplrdbaPV/ew==",
      "dev": true,
      "license": "MIT",
      "dependencies": {
        "graceful-fs": "^4.2.0",
        "jsonfile": "^6.0.1",
        "universalify": "^2.0.0"
      },
      "engines": {
        "node": ">=14.14"
      }
    },
    "node_modules/giget": {
      "version": "2.0.0",
      "resolved": "https://registry.npmjs.org/giget/-/giget-2.0.0.tgz",
      "integrity": "sha512-L5bGsVkxJbJgdnwyuheIunkGatUF/zssUoxxjACCseZYAVbaqdh9Tsmmlkl8vYan09H7sbvKt4pS8GqKLBrEzA==",
      "license": "MIT",
      "dependencies": {
        "citty": "^0.1.6",
        "consola": "^3.4.0",
        "defu": "^6.1.4",
        "node-fetch-native": "^1.6.6",
        "nypm": "^0.6.0",
        "pathe": "^2.0.3"
      },
      "bin": {
        "giget": "dist/cli.mjs"
      }
    },
    "node_modules/graceful-fs": {
      "version": "4.2.11",
      "resolved": "https://registry.npmjs.org/graceful-fs/-/graceful-fs-4.2.11.tgz",
      "integrity": "sha512-RbJ5/jmFcNNCcDV5o9eTnBLJ/HszWV0P73bc+Ff4nS/rJj+YaS6IGyiOL0VoBYX+l1Wrl3k63h/KrH+nhJ0XvQ==",
      "dev": true,
      "license": "ISC"
    },
    "node_modules/jiti": {
      "version": "2.6.1",
      "resolved": "https://registry.npmjs.org/jiti/-/jiti-2.6.1.tgz",
      "integrity": "sha512-ekilCSN1jwRvIbgeg/57YFh8qQDNbwDb9xT/qu2DAHbFFZUicIl4ygVaAvzveMhMVr3LnpSKTNnwt8PoOfmKhQ==",
      "license": "MIT",
      "bin": {
        "jiti": "lib/jiti-cli.mjs"
      }
    },
    "node_modules/jsonfile": {
      "version": "6.2.0",
      "resolved": "https://registry.npmjs.org/jsonfile/-/jsonfile-6.2.0.tgz",
      "integrity": "sha512-FGuPw30AdOIUTRMC2OMRtQV+jkVj2cfPqSeWXv1NEAJ1qZ5zb1X6z1mFhbfOB/iy3ssJCD+3KuZ8r8C3uVFlAg==",
      "dev": true,
      "license": "MIT",
      "dependencies": {
        "universalify": "^2.0.0"
      },
      "optionalDependencies": {
        "graceful-fs": "^4.1.6"
      }
    },
    "node_modules/kleur": {
      "version": "3.0.3",
      "resolved": "https://registry.npmjs.org/kleur/-/kleur-3.0.3.tgz",
      "integrity": "sha512-eTIzlVOSUR+JxdDFepEYcBMtZ9Qqdef+rnzWdRZuMbOywu5tO2w2N7rqjoANZ5k9vywhL6Br1VRjUIgTQx4E8w==",
      "dev": true,
      "license": "MIT",
      "engines": {
        "node": ">=6"
      }
    },
    "node_modules/node-fetch-native": {
      "version": "1.6.7",
      "resolved": "https://registry.npmjs.org/node-fetch-native/-/node-fetch-native-1.6.7.tgz",
      "integrity": "sha512-g9yhqoedzIUm0nTnTqAQvueMPVOuIY16bqgAJJC8XOOubYFNwz6IER9qs0Gq2Xd0+CecCKFjtdDTMA4u4xG06Q==",
      "license": "MIT"
    },
    "node_modules/nypm": {
      "version": "0.6.2",
      "resolved": "https://registry.npmjs.org/nypm/-/nypm-0.6.2.tgz",
      "integrity": "sha512-7eM+hpOtrKrBDCh7Ypu2lJ9Z7PNZBdi/8AT3AX8xoCj43BBVHD0hPSTEvMtkMpfs8FCqBGhxB+uToIQimA111g==",
      "license": "MIT",
      "dependencies": {
        "citty": "^0.1.6",
        "consola": "^3.4.2",
        "pathe": "^2.0.3",
        "pkg-types": "^2.3.0",
        "tinyexec": "^1.0.1"
      },
      "bin": {
        "nypm": "dist/cli.mjs"
      },
      "engines": {
        "node": "^14.16.0 || >=16.10.0"
      }
    },
    "node_modules/ohash": {
      "version": "2.0.11",
      "resolved": "https://registry.npmjs.org/ohash/-/ohash-2.0.11.tgz",
      "integrity": "sha512-RdR9FQrFwNBNXAr4GixM8YaRZRJ5PUWbKYbE5eOsrwAjJW0q2REGcf79oYPsLyskQCZG1PLN+S/K1V00joZAoQ==",
      "license": "MIT"
    },
    "node_modules/pathe": {
      "version": "2.0.3",
      "resolved": "https://registry.npmjs.org/pathe/-/pathe-2.0.3.tgz",
      "integrity": "sha512-WUjGcAqP1gQacoQe+OBJsFA7Ld4DyXuUIjZ5cc75cLHvJ7dtNsTugphxIADwspS+AraAUePCKrSVtPLFj/F88w==",
      "license": "MIT"
    },
    "node_modules/perfect-debounce": {
      "version": "1.0.0",
      "resolved": "https://registry.npmjs.org/perfect-debounce/-/perfect-debounce-1.0.0.tgz",
      "integrity": "sha512-xCy9V055GLEqoFaHoC1SoLIaLmWctgCUaBaWxDZ7/Zx4CTyX7cJQLJOok/orfjZAh9kEYpjJa4d0KcJmCbctZA==",
      "license": "MIT"
    },
    "node_modules/pkg-types": {
      "version": "2.3.0",
      "resolved": "https://registry.npmjs.org/pkg-types/-/pkg-types-2.3.0.tgz",
      "integrity": "sha512-SIqCzDRg0s9npO5XQ3tNZioRY1uK06lA41ynBC1YmFTmnY6FjUjVt6s4LoADmwoig1qqD0oK8h1p/8mlMx8Oig==",
      "license": "MIT",
      "dependencies": {
        "confbox": "^0.2.2",
        "exsolve": "^1.0.7",
        "pathe": "^2.0.3"
      }
    },
    "node_modules/prisma": {
      "version": "6.19.0",
      "resolved": "https://registry.npmjs.org/prisma/-/prisma-6.19.0.tgz",
      "integrity": "sha512-F3eX7K+tWpkbhl3l4+VkFtrwJlLXbAM+f9jolgoUZbFcm1DgHZ4cq9AgVEgUym2au5Ad/TDLN8lg83D+M10ycw==",
      "hasInstallScript": true,
      "license": "Apache-2.0",
      "dependencies": {
        "@prisma/config": "6.19.0",
        "@prisma/engines": "6.19.0"
      },
      "bin": {
        "prisma": "build/index.js"
      },
      "engines": {
        "node": ">=18.18"
      },
      "peerDependencies": {
        "typescript": ">=5.1.0"
      },
      "peerDependenciesMeta": {
        "typescript": {
          "optional": true
        }
      }
    },
    "node_modules/prompts": {
      "version": "2.4.2",
      "resolved": "https://registry.npmjs.org/prompts/-/prompts-2.4.2.tgz",
      "integrity": "sha512-NxNv/kLguCA7p3jE8oL2aEBsrJWgAakBpgmgK6lpPWV+WuOmY6r2/zbAVnP+T8bQlA0nzHXSJSJW0Hq7ylaD2Q==",
      "dev": true,
      "license": "MIT",
      "dependencies": {
        "kleur": "^3.0.3",
        "sisteransi": "^1.0.5"
      },
      "engines": {
        "node": ">= 6"
      }
    },
    "node_modules/pure-rand": {
      "version": "6.1.0",
      "resolved": "https://registry.npmjs.org/pure-rand/-/pure-rand-6.1.0.tgz",
      "integrity": "sha512-bVWawvoZoBYpp6yIoQtQXHZjmz35RSVHnUOTefl8Vcjr8snTPY1wnpSPMWekcFwbxI6gtmT7rSYPFvz71ldiOA==",
      "funding": [
        {
          "type": "individual",
          "url": "https://github.com/sponsors/dubzzz"
        },
        {
          "type": "opencollective",
          "url": "https://opencollective.com/fast-check"
        }
      ],
      "license": "MIT"
    },
    "node_modules/rc9": {
      "version": "2.1.2",
      "resolved": "https://registry.npmjs.org/rc9/-/rc9-2.1.2.tgz",
      "integrity": "sha512-btXCnMmRIBINM2LDZoEmOogIZU7Qe7zn4BpomSKZ/ykbLObuBdvG+mFq11DL6fjH1DRwHhrlgtYWG96bJiC7Cg==",
      "license": "MIT",
      "dependencies": {
        "defu": "^6.1.4",
        "destr": "^2.0.3"
      }
    },
    "node_modules/readdirp": {
      "version": "4.1.2",
      "resolved": "https://registry.npmjs.org/readdirp/-/readdirp-4.1.2.tgz",
      "integrity": "sha512-GDhwkLfywWL2s6vEjyhri+eXmfH6j1L7JE27WhqLeYzoh/A3DBaYGEj2H/HFZCn/kMfim73FXxEJTw06WtxQwg==",
      "license": "MIT",
      "engines": {
        "node": ">= 14.18.0"
      },
      "funding": {
        "type": "individual",
        "url": "https://paulmillr.com/funding/"
      }
    },
    "node_modules/sisteransi": {
      "version": "1.0.5",
      "resolved": "https://registry.npmjs.org/sisteransi/-/sisteransi-1.0.5.tgz",
      "integrity": "sha512-bLGGlR1QxBcynn2d5YmDX4MGjlZvy2MRBDRNHLJ8VI6l6+9FUiyTFNJ0IveOSP0bcXgVDPRcfGqA0pjaqUpfVg==",
      "dev": true,
      "license": "MIT"
    },
    "node_modules/tinyexec": {
      "version": "1.0.2",
      "resolved": "https://registry.npmjs.org/tinyexec/-/tinyexec-1.0.2.tgz",
      "integrity": "sha512-W/KYk+NFhkmsYpuHq5JykngiOCnxeVL8v8dFnqxSD8qEEdRfXk1SDM6JzNqcERbcGYj9tMrDQBYV9cjgnunFIg==",
      "license": "MIT",
      "engines": {
        "node": ">=18"
      }
    },
    "node_modules/universalify": {
      "version": "2.0.1",
      "resolved": "https://registry.npmjs.org/universalify/-/universalify-2.0.1.tgz",
      "integrity": "sha512-gptHNQghINnc/vTGIk0SOFGFNXw7JVrlRUtConJRlvaw6DuX0wO5Jeko9sWrMBhh+PsYAZ7oXAiOnf/UKogyiw==",
      "dev": true,
      "license": "MIT",
      "engines": {
        "node": ">= 10.0.0"
      }
    }
  }
}
