lockfileVersion: '9.0'

settings:
  autoInstallPeers: true
  excludeLinksFromLockfile: false

importers:

  .:
    dependencies:
      '@prisma/adapter-libsql':
        specifier: /tmp/prisma-adapter-libsql-0.0.0.tgz
        version: file:../../../tmp/prisma-adapter-libsql-0.0.0.tgz
      '@prisma/client':
        specifier: /tmp/prisma-client-0.0.0.tgz
        version: file:../../../tmp/prisma-client-0.0.0.tgz(prisma@file:../../../tmp/prisma-0.0.0.tgz)
      '@prisma/client-runtime-utils':
        specifier: /tmp/prisma-client-runtime-utils-0.0.0.tgz
        version: file:../../../tmp/prisma-client-runtime-utils-0.0.0.tgz
    devDependencies:
      '@types/node':
        specifier: ~20.19.0
        version: 20.19.23
      prisma:
        specifier: /tmp/prisma-0.0.0.tgz
        version: file:../../../tmp/prisma-0.0.0.tgz

packages:

  '@libsql/client@0.8.1':
    resolution: {integrity: sha512-xGg0F4iTDFpeBZ0r4pA6icGsYa5rG6RAG+i/iLDnpCAnSuTqEWMDdPlVseiq4Z/91lWI9jvvKKiKpovqJ1kZWA==}

  '@libsql/core@0.8.1':
    resolution: {integrity: sha512-u6nrj6HZMTPsgJ9EBhLzO2uhqhlHQJQmVHV+0yFLvfGf3oSP8w7TjZCNUgu1G8jHISx6KFi7bmcrdXW9lRt++A==}

  '@libsql/darwin-arm64@0.3.19':
    resolution: {integrity: sha512-rmOqsLcDI65zzxlUOoEiPJLhqmbFsZF6p4UJQ2kMqB+Kc0Rt5/A1OAdOZ/Wo8fQfJWjR1IbkbpEINFioyKf+nQ==}
    cpu: [arm64]
    os: [darwin]

  '@libsql/darwin-x64@0.3.19':
    resolution: {integrity: sha512-q9O55B646zU+644SMmOQL3FIfpmEvdWpRpzubwFc2trsa+zoBlSkHuzU9v/C+UNoPHQVRMP7KQctJ455I/h/xw==}
    cpu: [x64]
    os: [darwin]

  '@libsql/hrana-client@0.6.2':
    resolution: {integrity: sha512-MWxgD7mXLNf9FXXiM0bc90wCjZSpErWKr5mGza7ERy2FJNNMXd7JIOv+DepBA1FQTIfI8TFO4/QDYgaQC0goNw==}

  '@libsql/isomorphic-fetch@0.2.5':
    resolution: {integrity: sha512-8s/B2TClEHms2yb+JGpsVRTPBfy1ih/Pq6h6gvyaNcYnMVJvgQRY7wAa8U2nD0dppbCuDU5evTNMEhrQ17ZKKg==}
    engines: {node: '>=18.0.0'}

  '@libsql/isomorphic-ws@0.1.5':
    resolution: {integrity: sha512-DtLWIH29onUYR00i0GlQ3UdcTRC6EP4u9w/h9LxpUZJWRMARk6dQwZ6Jkd+QdwVpuAOrdxt18v0K2uIYR3fwFg==}

  '@libsql/linux-arm64-gnu@0.3.19':
    resolution: {integrity: sha512-mgeAUU1oqqh57k7I3cQyU6Trpdsdt607eFyEmH5QO7dv303ti+LjUvh1pp21QWV6WX7wZyjeJV1/VzEImB+jRg==}
    cpu: [arm64]
    os: [linux]

  '@libsql/linux-arm64-musl@0.3.19':
    resolution: {integrity: sha512-VEZtxghyK6zwGzU9PHohvNxthruSxBEnRrX7BSL5jQ62tN4n2JNepJ6SdzXp70pdzTfwroOj/eMwiPt94gkVRg==}
    cpu: [arm64]
    os: [linux]

  '@libsql/linux-x64-gnu@0.3.19':
    resolution: {integrity: sha512-2t/J7LD5w2f63wGihEO+0GxfTyYIyLGEvTFEsMO16XI5o7IS9vcSHrxsvAJs4w2Pf907uDjmc7fUfMg6L82BrQ==}
    cpu: [x64]
    os: [linux]

  '@libsql/linux-x64-musl@0.3.19':
    resolution: {integrity: sha512-BLsXyJaL8gZD8+3W2LU08lDEd9MIgGds0yPy5iNPp8tfhXx3pV/Fge2GErN0FC+nzt4DYQtjL+A9GUMglQefXQ==}
    cpu: [x64]
    os: [linux]

  '@libsql/win32-x64-msvc@0.3.19':
    resolution: {integrity: sha512-ay1X9AobE4BpzG0XPw1gplyLZPGHIgJOovvW23gUrukRegiUP62uzhpRbKNogLlUOynyXeq//prHgPXiebUfWg==}
    cpu: [x64]
    os: [win32]

  '@neon-rs/load@0.0.4':
    resolution: {integrity: sha512-kTPhdZyTQxB+2wpiRcFWrDcejc4JI6tkPuS7UZCG4l6Zvc5kU/gGQ/ozvHTh1XR5tS+UlfAfGuPajjzQjCiHCw==}

  '@prisma/adapter-libsql@file:../../../tmp/prisma-adapter-libsql-0.0.0.tgz':
    resolution: {integrity: sha512-NFurpBQ2FQxOz3BAEG4HIxiaKOTwwMeeO5YfiMOgJwU/KUCDLfrXVGRiwclsskmYWjpKm8hFVm/6ti/3k/nFuA==, tarball: file:../../../tmp/prisma-adapter-libsql-0.0.0.tgz}
    version: 0.0.0

  '@prisma/client-runtime-utils@file:../../../tmp/prisma-client-runtime-utils-0.0.0.tgz':
    resolution: {integrity: sha512-A+XeowO9RLNyI0rEbJJi1wL4I6wnGnVC7EKyhU6yMxL0qN5mo3dRSJplFTwbDxee2AV431PMgXnRIN/uqQM2tg==, tarball: file:../../../tmp/prisma-client-runtime-utils-0.0.0.tgz}
    version: 0.0.0

  '@prisma/client@file:../../../tmp/prisma-client-0.0.0.tgz':
    resolution: {integrity: sha512-Bejsc/HGgWLDbYTkagGhHq4i+ly1uKqA0a+S+w/FzhQzn57Ecs+9OVIi1jsZ6Gq4EoAqMpDEEQboWTs9gFKL1w==, tarball: file:../../../tmp/prisma-client-0.0.0.tgz}
    version: 0.0.0
    engines: {node: ^20.19 || ^22.12 || ^24.0}
    peerDependencies:
      prisma: '*'
      typescript: '>=5.4.0'
    peerDependenciesMeta:
      prisma:
        optional: true
      typescript:
        optional: true

  '@prisma/config@file:../../../tmp/prisma-config-0.0.0.tgz':
    resolution: {integrity: sha512-vMvbnb0jzh85KZEAKuIXP34ZAsTqejqwVmi+SPbl0WkuyqdDhSKgscf9kAZUKnN2LZo9hXmdNQSxOWhzGxmNxQ==, tarball: file:../../../tmp/prisma-config-0.0.0.tgz}
    version: 0.0.0

  '@prisma/debug@file:../../../tmp/prisma-debug-0.0.0.tgz':
    resolution: {integrity: sha512-zHvroKTHICJzI+ehqo2Dor+oEoUKiDCZzc7J4FinftNJtC27M/FEGHGfjNkd5bRgqSyYsK50uw/IqVzmW3blQw==, tarball: file:../../../tmp/prisma-debug-0.0.0.tgz}
    version: 0.0.0

  '@prisma/driver-adapter-utils@file:../../../tmp/prisma-driver-adapter-utils-0.0.0.tgz':
    resolution: {integrity: sha512-d7qYqZGFogvxfB0RJadqONOX04Dg0MHoIIJT2GNyGIZa0udigBUwcek1tq3eqc/JCBbbuVGGeDz3xm1jdHwjgg==, tarball: file:../../../tmp/prisma-driver-adapter-utils-0.0.0.tgz}
    version: 0.0.0

  '@prisma/engines-version@6.18.0-8.34b5a692b7bd79939a9a2c3ef97d816e749cda2f':
    resolution: {integrity: sha512-T7Af4QsJQnSgWN1zBbX+Cha5t4qjHRxoeoWpK4JugJzG/ipmmDMY5S+O0N1ET6sCBNVkf6lz+Y+ZNO9+wFU8pQ==}

  '@prisma/engines@file:../../../tmp/prisma-engines-0.0.0.tgz':
    resolution: {integrity: sha512-o0Gzr89AbISnPxZV85pz+RS6wOev2KeZpbMXWO66i3ty5D3PZ0e+2opYHuxnV0PvldFz8532xHbQ/ZtEcdfGtg==, tarball: file:../../../tmp/prisma-engines-0.0.0.tgz}
    version: 0.0.0

  '@prisma/fetch-engine@file:../../../tmp/prisma-fetch-engine-0.0.0.tgz':
    resolution: {integrity: sha512-o2idRyUVT/7kwGRGysQ2zcU0yj38//fKVVIj8T+FMjyxyHSogun3PSaJGtjElqjTzQbLKWO9GCzIhK0WIgOn6g==, tarball: file:../../../tmp/prisma-fetch-engine-0.0.0.tgz}
    version: 0.0.0

  '@prisma/get-platform@file:../../../tmp/prisma-get-platform-0.0.0.tgz':
    resolution: {integrity: sha512-tUb50VvntYmceU8/5KMLJ+KDqH+wIZuD/qOYoJaMvDFwaQC5Jo27kBJBWOgdsZ10j7K/g8WK6eHXrYuqOyfF6g==, tarball: file:../../../tmp/prisma-get-platform-0.0.0.tgz}
    version: 0.0.0

  '@standard-schema/spec@1.0.0':
    resolution: {integrity: sha512-m2bOd0f2RT9k8QJx1JN85cZYyH1RqFBdlwtkSlf4tBDYLCiiZnv1fIIwacK6cqwXavOydf0NPToMQgpKq+dVlA==}

  '@types/node@20.19.23':
    resolution: {integrity: sha512-yIdlVVVHXpmqRhtyovZAcSy0MiPcYWGkoO4CGe/+jpP0hmNuihm4XhHbADpK++MsiLHP5MVlv+bcgdF99kSiFQ==}

  '@types/ws@8.18.1':
    resolution: {integrity: sha512-ThVF6DCVhA8kUGy+aazFQ4kXQ7E1Ty7A3ypFOe0IcJV8O/M511G99AW24irKrW56Wt44yG9+ij8FaqoBGkuBXg==}

  async-mutex@0.5.0:
    resolution: {integrity: sha512-1A94B18jkJ3DYq284ohPxoXbfTA5HsQ7/Mf4DEhcyLx3Bz27Rh59iScbB6EPiP+B+joue6YCxcMXSbFC1tZKwA==}

  c12@3.1.0:
    resolution: {integrity: sha512-uWoS8OU1MEIsOv8p/5a82c3H31LsWVR5qiyXVfBNOzfffjUWtPnhAb4BYI2uG2HfGmZmFjCtui5XNWaps+iFuw==}
    peerDependencies:
      magicast: ^0.3.5
    peerDependenciesMeta:
      magicast:
        optional: true

  chokidar@4.0.3:
    resolution: {integrity: sha512-Qgzu8kfBvo+cA4962jnP1KkS6Dop5NS6g7R5LFYJr4b8Ub94PPQXUksCw9PvXoeXPRRddRNC5C1JQUR2SMGtnA==}
    engines: {node: '>= 14.16.0'}

  citty@0.1.6:
    resolution: {integrity: sha512-tskPPKEs8D2KPafUypv2gxwJP8h/OaJmC82QQGGDQcHvXX43xF2VDACcJVmZ0EuSxkpO9Kc4MlrA3q0+FG58AQ==}

  confbox@0.2.2:
    resolution: {integrity: sha512-1NB+BKqhtNipMsov4xI/NnhCKp9XG9NamYp5PVm9klAT0fsrNPjaFICsCFhNhwZJKNh7zB/3q8qXz0E9oaMNtQ==}

  consola@3.4.2:
    resolution: {integrity: sha512-5IKcdX0nnYavi6G7TtOhwkYzyjfJlatbjMjuLSfE2kYT5pMDOilZ4OvMhi637CcDICTmz3wARPoyhqyX1Y+XvA==}
    engines: {node: ^14.18.0 || >=16.10.0}

  data-uri-to-buffer@4.0.1:
    resolution: {integrity: sha512-0R9ikRb668HB7QDxT1vkpuUBtqc53YyAwMwGeUFKRojY/NWKvdZ+9UYtRfGmhqNbRkTSVpMbmyhXipFFv2cb/A==}
    engines: {node: '>= 12'}

  deepmerge-ts@7.1.5:
    resolution: {integrity: sha512-HOJkrhaYsweh+W+e74Yn7YStZOilkoPb6fycpwNLKzSPtruFs48nYis0zy5yJz1+ktUhHxoRDJ27RQAWLIJVJw==}
    engines: {node: '>=16.0.0'}

  defu@6.1.4:
    resolution: {integrity: sha512-mEQCMmwJu317oSz8CwdIOdwf3xMif1ttiM8LTufzc3g6kR+9Pe236twL8j3IYT1F7GfRgGcW6MWxzZjLIkuHIg==}

  destr@2.0.5:
    resolution: {integrity: sha512-ugFTXCtDZunbzasqBxrK93Ik/DRYsO6S/fedkWEMKqt04xZ4csmnmwGDBAb07QWNaGMAmnTIemsYZCksjATwsA==}

  detect-libc@2.0.2:
    resolution: {integrity: sha512-UX6sGumvvqSaXgdKGUsgZWqcUyIXZ/vZTrlRT/iobiKhGL0zL4d3osHj3uqllWJK+i+sixDS/3COVEOFbupFyw==}
    engines: {node: '>=8'}

  dotenv@16.6.1:
    resolution: {integrity: sha512-uBq4egWHTcTt33a72vpSG0z3HnPuIl6NqYcTrKEg2azoEyl2hpW0zqlxysq2pK9HlDIHyHyakeYaYnSAwd8bow==}
    engines: {node: '>=12'}

  effect@3.18.4:
    resolution: {integrity: sha512-b1LXQJLe9D11wfnOKAk3PKxuqYshQ0Heez+y5pnkd3jLj1yx9QhM72zZ9uUrOQyNvrs2GZZd/3maL0ZV18YuDA==}

  empathic@2.0.0:
    resolution: {integrity: sha512-i6UzDscO/XfAcNYD75CfICkmfLedpyPDdozrLMmQc5ORaQcdMoc21OnlEylMIqI7U8eniKrPMxxtj8k0vhmJhA==}
    engines: {node: '>=14'}

  exsolve@1.0.7:
    resolution: {integrity: sha512-VO5fQUzZtI6C+vx4w/4BWJpg3s/5l+6pRQEHzFRM8WFi4XffSP1Z+4qi7GbjWbvRQEbdIco5mIMq+zX4rPuLrw==}

  fast-check@3.23.2:
    resolution: {integrity: sha512-h5+1OzzfCC3Ef7VbtKdcv7zsstUQwUDlYpUTvjeUsJAssPgLn7QzbboPtL5ro04Mq0rPOsMzl7q5hIbRs2wD1A==}
    engines: {node: '>=8.0.0'}

  fetch-blob@3.2.0:
    resolution: {integrity: sha512-7yAQpD2UMJzLi1Dqv7qFYnPbaPx7ZfFK6PiIxQ4PfkGPyNyl2Ugx+a/umUonmKqjhM4DnfbMvdX6otXq83soQQ==}
    engines: {node: ^12.20 || >= 14.13}

  formdata-polyfill@4.0.10:
    resolution: {integrity: sha512-buewHzMvYL29jdeQTVILecSaZKnt/RJWjoZCF5OW60Z67/GmSLBkOFM7qh1PI3zFNtJbaZL5eQu1vLfazOwj4g==}
    engines: {node: '>=12.20.0'}

  giget@2.0.0:
    resolution: {integrity: sha512-L5bGsVkxJbJgdnwyuheIunkGatUF/zssUoxxjACCseZYAVbaqdh9Tsmmlkl8vYan09H7sbvKt4pS8GqKLBrEzA==}
    hasBin: true

  jiti@2.6.1:
    resolution: {integrity: sha512-ekilCSN1jwRvIbgeg/57YFh8qQDNbwDb9xT/qu2DAHbFFZUicIl4ygVaAvzveMhMVr3LnpSKTNnwt8PoOfmKhQ==}
    hasBin: true

  js-base64@3.7.8:
    resolution: {integrity: sha512-hNngCeKxIUQiEUN3GPJOkz4wF/YvdUdbNL9hsBcMQTkKzboD7T/q3OYOuuPZLUE6dBxSGpwhk5mwuDud7JVAow==}

  libsql@0.3.19:
    resolution: {integrity: sha512-Aj5cQ5uk/6fHdmeW0TiXK42FqUlwx7ytmMLPSaUQPin5HKKKuUPD62MAbN4OEweGBBI7q1BekoEN4gPUEL6MZA==}
    cpu: [x64, arm64, wasm32]
    os: [darwin, linux, win32]

  node-domexception@1.0.0:
    resolution: {integrity: sha512-/jKZoMpw0F8GRwl4/eLROPA3cfcXtLApP0QzLmUT/HuPCZWyB7IY9ZrMeKw2O/nFIqPQB3PVM9aYm0F312AXDQ==}
    engines: {node: '>=10.5.0'}
    deprecated: Use your platform's native DOMException instead

  node-fetch-native@1.6.7:
    resolution: {integrity: sha512-g9yhqoedzIUm0nTnTqAQvueMPVOuIY16bqgAJJC8XOOubYFNwz6IER9qs0Gq2Xd0+CecCKFjtdDTMA4u4xG06Q==}

  node-fetch@3.3.2:
    resolution: {integrity: sha512-dRB78srN/l6gqWulah9SrxeYnxeddIG30+GOqK/9OlLVyLg3HPnr6SqOWTWOXKRwC2eGYCkZ59NNuSgvSrpgOA==}
    engines: {node: ^12.20.0 || ^14.13.1 || >=16.0.0}

  nypm@0.6.2:
    resolution: {integrity: sha512-7eM+hpOtrKrBDCh7Ypu2lJ9Z7PNZBdi/8AT3AX8xoCj43BBVHD0hPSTEvMtkMpfs8FCqBGhxB+uToIQimA111g==}
    engines: {node: ^14.16.0 || >=16.10.0}
    hasBin: true

  ohash@2.0.11:
    resolution: {integrity: sha512-RdR9FQrFwNBNXAr4GixM8YaRZRJ5PUWbKYbE5eOsrwAjJW0q2REGcf79oYPsLyskQCZG1PLN+S/K1V00joZAoQ==}

  pathe@2.0.3:
    resolution: {integrity: sha512-WUjGcAqP1gQacoQe+OBJsFA7Ld4DyXuUIjZ5cc75cLHvJ7dtNsTugphxIADwspS+AraAUePCKrSVtPLFj/F88w==}

  perfect-debounce@1.0.0:
    resolution: {integrity: sha512-xCy9V055GLEqoFaHoC1SoLIaLmWctgCUaBaWxDZ7/Zx4CTyX7cJQLJOok/orfjZAh9kEYpjJa4d0KcJmCbctZA==}

  pkg-types@2.3.0:
    resolution: {integrity: sha512-SIqCzDRg0s9npO5XQ3tNZioRY1uK06lA41ynBC1YmFTmnY6FjUjVt6s4LoADmwoig1qqD0oK8h1p/8mlMx8Oig==}

  prisma@file:../../../tmp/prisma-0.0.0.tgz:
    resolution: {integrity: sha512-kn9y7lJingm83bH46E05Fljl4BBHQv1h3fOluC8Z13SPu6nsP48OFFob7R7e19My1tA749nmviKskV6pL7Ju5Q==, tarball: file:../../../tmp/prisma-0.0.0.tgz}
    version: 0.0.0
    engines: {node: ^20.19 || ^22.12 || ^24.0}
    hasBin: true
    peerDependencies:
      typescript: '>=5.4.0'
    peerDependenciesMeta:
      typescript:
        optional: true

  promise-limit@2.7.0:
    resolution: {integrity: sha512-7nJ6v5lnJsXwGprnGXga4wx6d1POjvi5Qmf1ivTRxTjH4Z/9Czja/UCMLVmB9N93GeWOU93XaFaEt6jbuoagNw==}

  pure-rand@6.1.0:
    resolution: {integrity: sha512-bVWawvoZoBYpp6yIoQtQXHZjmz35RSVHnUOTefl8Vcjr8snTPY1wnpSPMWekcFwbxI6gtmT7rSYPFvz71ldiOA==}

  rc9@2.1.2:
    resolution: {integrity: sha512-btXCnMmRIBINM2LDZoEmOogIZU7Qe7zn4BpomSKZ/ykbLObuBdvG+mFq11DL6fjH1DRwHhrlgtYWG96bJiC7Cg==}

  readdirp@4.1.2:
    resolution: {integrity: sha512-GDhwkLfywWL2s6vEjyhri+eXmfH6j1L7JE27WhqLeYzoh/A3DBaYGEj2H/HFZCn/kMfim73FXxEJTw06WtxQwg==}
    engines: {node: '>= 14.18.0'}

  tinyexec@1.0.1:
    resolution: {integrity: sha512-5uC6DDlmeqiOwCPmK9jMSdOuZTh8bU39Ys6yidB+UTt5hfZUPGAypSgFRiEp+jbi9qH40BLDvy85jIU88wKSqw==}

  tslib@2.8.1:
    resolution: {integrity: sha512-oJFu94HQb+KVduSUQL7wnpmqnfmLsOA/nAh6b6EH0wCEoK0/mPeXU6c3wKDV83MkOuHPRHtSXKKU99IBazS/2w==}

  undici-types@6.21.0:
    resolution: {integrity: sha512-iwDZqg0QAGrg9Rav5H4n0M64c3mkR59cJ6wQp+7C4nI0gsmExaedaYLNO44eT4AtBBwjbTiGPMlt2Md0T9H9JQ==}

  web-streams-polyfill@3.3.3:
    resolution: {integrity: sha512-d2JWLCivmZYTSIoge9MsgFCZrt571BikcWGYkjC1khllbTeDlGqZ2D8vD8E/lJa8WGWbb7Plm8/XJYV7IJHZZw==}
    engines: {node: '>= 8'}

  ws@8.18.3:
    resolution: {integrity: sha512-PEIGCY5tSlUt50cqyMXfCzX+oOPqN0vuGqWzbcJ2xvnkzkq46oOpz7dQaTDBdfICb4N14+GARUDw2XV2N4tvzg==}
    engines: {node: '>=10.0.0'}
    peerDependencies:
      bufferutil: ^4.0.1
      utf-8-validate: '>=5.0.2'
    peerDependenciesMeta:
      bufferutil:
        optional: true
      utf-8-validate:
        optional: true

snapshots:

  '@libsql/client@0.8.1':
    dependencies:
      '@libsql/core': 0.8.1
      '@libsql/hrana-client': 0.6.2
      js-base64: 3.7.8
      libsql: 0.3.19
      promise-limit: 2.7.0
    transitivePeerDependencies:
      - bufferutil
      - utf-8-validate

  '@libsql/core@0.8.1':
    dependencies:
      js-base64: 3.7.8

  '@libsql/darwin-arm64@0.3.19':
    optional: true

  '@libsql/darwin-x64@0.3.19':
    optional: true

  '@libsql/hrana-client@0.6.2':
    dependencies:
      '@libsql/isomorphic-fetch': 0.2.5
      '@libsql/isomorphic-ws': 0.1.5
      js-base64: 3.7.8
      node-fetch: 3.3.2
    transitivePeerDependencies:
      - bufferutil
      - utf-8-validate

  '@libsql/isomorphic-fetch@0.2.5': {}

  '@libsql/isomorphic-ws@0.1.5':
    dependencies:
      '@types/ws': 8.18.1
      ws: 8.18.3
    transitivePeerDependencies:
      - bufferutil
      - utf-8-validate

  '@libsql/linux-arm64-gnu@0.3.19':
    optional: true

  '@libsql/linux-arm64-musl@0.3.19':
    optional: true

  '@libsql/linux-x64-gnu@0.3.19':
    optional: true

  '@libsql/linux-x64-musl@0.3.19':
    optional: true

  '@libsql/win32-x64-msvc@0.3.19':
    optional: true

  '@neon-rs/load@0.0.4': {}

  '@prisma/adapter-libsql@file:../../../tmp/prisma-adapter-libsql-0.0.0.tgz':
    dependencies:
      '@libsql/client': 0.8.1
      '@prisma/driver-adapter-utils': file:../../../tmp/prisma-driver-adapter-utils-0.0.0.tgz
      async-mutex: 0.5.0
    transitivePeerDependencies:
      - bufferutil
      - utf-8-validate

  '@prisma/client-runtime-utils@file:../../../tmp/prisma-client-runtime-utils-0.0.0.tgz': {}

  '@prisma/client@file:../../../tmp/prisma-client-0.0.0.tgz(prisma@file:../../../tmp/prisma-0.0.0.tgz)':
    dependencies:
      '@prisma/client-runtime-utils': file:../../../tmp/prisma-client-runtime-utils-0.0.0.tgz
    optionalDependencies:
      prisma: file:../../../tmp/prisma-0.0.0.tgz

  '@prisma/config@file:../../../tmp/prisma-config-0.0.0.tgz':
    dependencies:
      c12: 3.1.0
      deepmerge-ts: 7.1.5
      effect: 3.18.4
      empathic: 2.0.0
    transitivePeerDependencies:
      - magicast

  '@prisma/debug@file:../../../tmp/prisma-debug-0.0.0.tgz': {}

  '@prisma/driver-adapter-utils@file:../../../tmp/prisma-driver-adapter-utils-0.0.0.tgz':
    dependencies:
      '@prisma/debug': file:../../../tmp/prisma-debug-0.0.0.tgz

  '@prisma/engines-version@6.18.0-8.34b5a692b7bd79939a9a2c3ef97d816e749cda2f': {}

  '@prisma/engines@file:../../../tmp/prisma-engines-0.0.0.tgz':
    dependencies:
      '@prisma/debug': file:../../../tmp/prisma-debug-0.0.0.tgz
      '@prisma/engines-version': 6.18.0-8.34b5a692b7bd79939a9a2c3ef97d816e749cda2f
      '@prisma/fetch-engine': file:../../../tmp/prisma-fetch-engine-0.0.0.tgz
      '@prisma/get-platform': file:../../../tmp/prisma-get-platform-0.0.0.tgz

  '@prisma/fetch-engine@file:../../../tmp/prisma-fetch-engine-0.0.0.tgz':
    dependencies:
      '@prisma/debug': file:../../../tmp/prisma-debug-0.0.0.tgz
      '@prisma/engines-version': 6.18.0-8.34b5a692b7bd79939a9a2c3ef97d816e749cda2f
      '@prisma/get-platform': file:../../../tmp/prisma-get-platform-0.0.0.tgz

  '@prisma/get-platform@file:../../../tmp/prisma-get-platform-0.0.0.tgz':
    dependencies:
      '@prisma/debug': file:../../../tmp/prisma-debug-0.0.0.tgz

  '@standard-schema/spec@1.0.0': {}

  '@types/node@20.19.23':
    dependencies:
      undici-types: 6.21.0

  '@types/ws@8.18.1':
    dependencies:
      '@types/node': 20.19.23

  async-mutex@0.5.0:
    dependencies:
      tslib: 2.8.1

  c12@3.1.0:
    dependencies:
      chokidar: 4.0.3
      confbox: 0.2.2
      defu: 6.1.4
      dotenv: 16.6.1
      exsolve: 1.0.7
      giget: 2.0.0
      jiti: 2.6.1
      ohash: 2.0.11
      pathe: 2.0.3
      perfect-debounce: 1.0.0
      pkg-types: 2.3.0
      rc9: 2.1.2

  chokidar@4.0.3:
    dependencies:
      readdirp: 4.1.2

  citty@0.1.6:
    dependencies:
      consola: 3.4.2

  confbox@0.2.2: {}

  consola@3.4.2: {}

  data-uri-to-buffer@4.0.1: {}

  deepmerge-ts@7.1.5: {}

  defu@6.1.4: {}

  destr@2.0.5: {}

  detect-libc@2.0.2: {}

  dotenv@16.6.1: {}

  effect@3.18.4:
    dependencies:
      '@standard-schema/spec': 1.0.0
      fast-check: 3.23.2

  empathic@2.0.0: {}

  exsolve@1.0.7: {}

  fast-check@3.23.2:
    dependencies:
      pure-rand: 6.1.0

  fetch-blob@3.2.0:
    dependencies:
      node-domexception: 1.0.0
      web-streams-polyfill: 3.3.3

  formdata-polyfill@4.0.10:
    dependencies:
      fetch-blob: 3.2.0

  giget@2.0.0:
    dependencies:
      citty: 0.1.6
      consola: 3.4.2
      defu: 6.1.4
      node-fetch-native: 1.6.7
      nypm: 0.6.2
      pathe: 2.0.3

  jiti@2.6.1: {}

  js-base64@3.7.8: {}

  libsql@0.3.19:
    dependencies:
      '@neon-rs/load': 0.0.4
      detect-libc: 2.0.2
    optionalDependencies:
      '@libsql/darwin-arm64': 0.3.19
      '@libsql/darwin-x64': 0.3.19
      '@libsql/linux-arm64-gnu': 0.3.19
      '@libsql/linux-arm64-musl': 0.3.19
      '@libsql/linux-x64-gnu': 0.3.19
      '@libsql/linux-x64-musl': 0.3.19
      '@libsql/win32-x64-msvc': 0.3.19

  node-domexception@1.0.0: {}

  node-fetch-native@1.6.7: {}

  node-fetch@3.3.2:
    dependencies:
      data-uri-to-buffer: 4.0.1
      fetch-blob: 3.2.0
      formdata-polyfill: 4.0.10

  nypm@0.6.2:
    dependencies:
      citty: 0.1.6
      consola: 3.4.2
      pathe: 2.0.3
      pkg-types: 2.3.0
      tinyexec: 1.0.1

  ohash@2.0.11: {}

  pathe@2.0.3: {}

  perfect-debounce@1.0.0: {}

  pkg-types@2.3.0:
    dependencies:
      confbox: 0.2.2
      exsolve: 1.0.7
      pathe: 2.0.3

  prisma@file:../../../tmp/prisma-0.0.0.tgz:
    dependencies:
      '@prisma/config': file:../../../tmp/prisma-config-0.0.0.tgz
      '@prisma/engines': file:../../../tmp/prisma-engines-0.0.0.tgz
    transitivePeerDependencies:
      - magicast

  promise-limit@2.7.0: {}

  pure-rand@6.1.0: {}

  rc9@2.1.2:
    dependencies:
      defu: 6.1.4
      destr: 2.0.5

  readdirp@4.1.2: {}

  tinyexec@1.0.1: {}

  tslib@2.8.1: {}

  undici-types@6.21.0: {}

  web-streams-polyfill@3.3.3: {}

  ws@8.18.3: {}
