{
	"name": "@prisma/cli",
	"version": "0.1.24",
	"lockfileVersion": 1,
	"requires": true,
	"dependencies": {
		"@types/color-name": {
			"version": "1.1.1",
			"resolved": "https://registry.npmjs.org/@types/color-name/-/color-name-1.1.1.tgz",
			"integrity": "sha512-rr+OQyAjxze7GgWrSaJwydHStIhHq2lvY3BOC2Mj7KnzI7XK0Uw1TOOdI9lDoajEbSWLiYgoo4f1R51erQfhPQ=="
		},
		"@types/node": {
			"version": "12.12.7",
			"resolved": "https://registry.npmjs.org/@types/node/-/node-12.12.7.tgz",
			"integrity": "sha512-E6Zn0rffhgd130zbCbAr/JdXfXkoOUFAKNs/rF8qnafSJ8KYaA/j3oz7dcwal+lYjLA7xvdd5J4wdYpCTlP8+w==",
			"dev": true
		},
		"arg": {
			"version": "4.1.1",
			"resolved": "https://registry.npmjs.org/arg/-/arg-4.1.1.tgz",
			"integrity": "sha512-SlmP3fEA88MBv0PypnXZ8ZfJhwmDeIE3SP71j37AiXQBXYosPV0x6uISAaHYSlSVhmHOVkomen0tbGk6Anlebw=="
		},
		"chalk": {
			"version": "3.0.0",
			"resolved": "https://registry.npmjs.org/chalk/-/chalk-3.0.0.tgz",
			"integrity": "sha512-4D3B6Wf41KOYRFdszmDqMCGq5VV/uMAB273JILmO+3jAlh8X4qDtdtgCR3fxtbLEMzSx22QdhnDcJvu2u1fVwg==",
			"requires": {
				"ansi-styles": "^4.1.0",
				"supports-color": "^7.1.0"
			},
			"dependencies": {
				"ansi-styles": {
					"version": "4.2.0",
					"resolved": "https://registry.npmjs.org/ansi-styles/-/ansi-styles-4.2.0.tgz",
					"integrity": "sha512-7kFQgnEaMdRtwf6uSfUnVr9gSGC7faurn+J/Mv90/W+iTtN0405/nLdopfMWwchyxhbGYl6TC4Sccn9TUkGAgg==",
					"requires": {
						"@types/color-name": "^1.1.1",
						"color-convert": "^2.0.1"
					}
				},
				"color-convert": {
					"version": "2.0.1",
					"resolved": "https://registry.npmjs.org/color-convert/-/color-convert-2.0.1.tgz",
					"integrity": "sha512-RRECPsj7iu/xb5oKYcsFHSppFNnsj/52OVTRKb4zP5onXwVF3zVmmToNcOfGC+CRDpfK/U584fMg38ZHCaElKQ==",
					"requires": {
						"color-name": "~1.1.4"
					}
				},
				"color-name": {
					"version": "1.1.4",
					"resolved": "https://registry.npmjs.org/color-name/-/color-name-1.1.4.tgz",
					"integrity": "sha512-dOy+3AuW3a2wNbZHIuMZpTcgjGuLU/uBL/ubcZF9OXbDo8ff4O8yVp5Bf0efS8uEoYo5q4Fx7dY9OgQGXgAsQA=="
				},
				"has-flag": {
					"version": "4.0.0",
					"resolved": "https://registry.npmjs.org/has-flag/-/has-flag-4.0.0.tgz",
					"integrity": "sha512-EykJT/Q1KjTWctppgIAgfSO0tKVuZUjhgMr17kqTumMl6Afv3EISleU7qZUzoXDFTAHTDC4NOoG/ZxU3EvlMPQ=="
				},
				"supports-color": {
					"version": "7.1.0",
					"resolved": "https://registry.npmjs.org/supports-color/-/supports-color-7.1.0.tgz",
					"integrity": "sha512-oRSIpR8pxT1Wr2FquTNnGet79b3BWljqOuoW/h4oBhxJ/HUbX5nX6JSruTkvXDCFMwDPvsaTTbvMLKZWSy0R5g==",
					"requires": {
						"has-flag": "^4.0.0"
					}
				}
			}
		},
		"min-indent": {
			"version": "1.0.0",
			"resolved": "https://registry.npmjs.org/min-indent/-/min-indent-1.0.0.tgz",
			"integrity": "sha1-z8RcN+nsDY8KDsPdTvf3w6vjklY="
		},
		"strip-indent": {
			"version": "3.0.0",
			"resolved": "https://registry.npmjs.org/strip-indent/-/strip-indent-3.0.0.tgz",
			"integrity": "sha512-laJTa3Jb+VQpaC6DseHhF7dXVqHTfJPCRDaEbid/drOhgitgYku/letMUqOXFoWV0zIIUbjpdH2t+tYj4bQMRQ==",
			"requires": {
				"min-indent": "^1.0.0"
			}
		},
		"typescript": {
			"version": "3.7.2",
			"resolved": "https://registry.npmjs.org/typescript/-/typescript-3.7.2.tgz",
			"integrity": "sha512-ml7V7JfiN2Xwvcer+XAf2csGO1bPBdRbFCkYBczNZggrBZ9c7G3riSUeJmqEU5uOtXNPMhE3n+R4FA/3YOAWOQ==",
			"dev": true
		}
	}
}
