{
	"name": "@prisma/fetch-engine",
	"version": "0.3.8",
	"lockfileVersion": 1,
	"requires": true,
	"dependencies": {
		"@prisma/get-platform": {
			"version": "0.1.4",
			"resolved": "https://registry.npmjs.org/@prisma/get-platform/-/get-platform-0.1.4.tgz",
			"integrity": "sha512-szQPoq6I0xUwV123t6M4jkzT0ESoVorLBQULpJZuN62O3CEFtuC/MITO80wWv3LI9EZtFocSE5M50MuE+xHZlA==",
			"requires": {
				"debug": "^4.1.1"
			}
		},
		"@types/color-name": {
			"version": "1.1.1",
			"resolved": "https://registry.npmjs.org/@types/color-name/-/color-name-1.1.1.tgz",
			"integrity": "sha512-rr+OQyAjxze7GgWrSaJwydHStIhHq2lvY3BOC2Mj7KnzI7XK0Uw1TOOdI9lDoajEbSWLiYgoo4f1R51erQfhPQ=="
		},
		"@types/fs-extra": {
			"version": "8.0.1",
			"resolved": "https://registry.npmjs.org/@types/fs-extra/-/fs-extra-8.0.1.tgz",
			"integrity": "sha512-J00cVDALmi/hJOYsunyT52Hva5TnJeKP5yd1r+mH/ZU0mbYZflR0Z5kw5kITtKTRYMhm1JMClOFYdHnQszEvqw==",
			"dev": true,
			"requires": {
				"@types/node": "*"
			}
		},
		"@types/node": {
			"version": "12.12.8",
			"resolved": "https://registry.npmjs.org/@types/node/-/node-12.12.8.tgz",
			"integrity": "sha512-XLla8N+iyfjvsa0KKV+BP/iGSoTmwxsu5Ci5sM33z9TjohF72DEz95iNvD6pPmemvbQgxAv/909G73gUn8QR7w==",
			"dev": true
		},
		"@types/node-fetch": {
			"version": "2.5.3",
			"resolved": "https://registry.npmjs.org/@types/node-fetch/-/node-fetch-2.5.3.tgz",
			"integrity": "sha512-X3TNlzZ7SuSwZsMkb5fV7GrPbVKvHc2iwHmslb8bIxRKWg2iqkfm3F/Wd79RhDpOXR7wCtKAwc5Y2JE6n/ibyw==",
			"dev": true,
			"requires": {
				"@types/node": "*"
			}
		},
		"@types/progress": {
			"version": "2.0.3",
			"resolved": "https://registry.npmjs.org/@types/progress/-/progress-2.0.3.tgz",
			"integrity": "sha512-bPOsfCZ4tsTlKiBjBhKnM8jpY5nmIll166IPD58D92hR7G7kZDfx5iB9wGF4NfZrdKolebjeAr3GouYkSGoJ/A==",
			"dev": true,
			"requires": {
				"@types/node": "*"
			}
		},
		"@types/retry": {
			"version": "0.12.0",
			"resolved": "https://registry.npmjs.org/@types/retry/-/retry-0.12.0.tgz",
			"integrity": "sha512-wWKOClTTiizcZhXnPY4wikVAwmdYHp8q6DmC+EJUzAMsycb7HB32Kh9RN4+0gExjmPmZSAQjgURXIGATPegAvA=="
		},
		"agent-base": {
			"version": "4.3.0",
			"resolved": "https://registry.npmjs.org/agent-base/-/agent-base-4.3.0.tgz",
			"integrity": "sha512-salcGninV0nPrwpGNn4VTXBb1SOuXQBiqbrNXoeizJsHrsL6ERFM2Ne3JUSBWRE6aeNJI2ROP/WEEIDUiDe3cg==",
			"requires": {
				"es6-promisify": "^5.0.0"
			}
		},
		"balanced-match": {
			"version": "1.0.0",
			"resolved": "https://registry.npmjs.org/balanced-match/-/balanced-match-1.0.0.tgz",
			"integrity": "sha1-ibTRmasr7kneFk6gK4nORi1xt2c=",
			"dev": true
		},
		"brace-expansion": {
			"version": "1.1.11",
			"resolved": "https://registry.npmjs.org/brace-expansion/-/brace-expansion-1.1.11.tgz",
			"integrity": "sha512-iCuPHDFgrHX7H2vEI/5xpz07zSHB00TpugqhmYtVmMO6518mCuRMoOYFldEBl0g187ufozdaHgWKcYFb61qGiA==",
			"dev": true,
			"requires": {
				"balanced-match": "^1.0.0",
				"concat-map": "0.0.1"
			}
		},
		"chalk": {
			"version": "3.0.0",
			"resolved": "https://registry.npmjs.org/chalk/-/chalk-3.0.0.tgz",
			"integrity": "sha512-4D3B6Wf41KOYRFdszmDqMCGq5VV/uMAB273JILmO+3jAlh8X4qDtdtgCR3fxtbLEMzSx22QdhnDcJvu2u1fVwg==",
			"requires": {
				"ansi-styles": "^4.1.0",
				"supports-color": "^7.1.0"
			},
			"dependencies": {
				"ansi-styles": {
					"version": "4.2.0",
					"resolved": "https://registry.npmjs.org/ansi-styles/-/ansi-styles-4.2.0.tgz",
					"integrity": "sha512-7kFQgnEaMdRtwf6uSfUnVr9gSGC7faurn+J/Mv90/W+iTtN0405/nLdopfMWwchyxhbGYl6TC4Sccn9TUkGAgg==",
					"requires": {
						"@types/color-name": "^1.1.1",
						"color-convert": "^2.0.1"
					}
				},
				"color-convert": {
					"version": "2.0.1",
					"resolved": "https://registry.npmjs.org/color-convert/-/color-convert-2.0.1.tgz",
					"integrity": "sha512-RRECPsj7iu/xb5oKYcsFHSppFNnsj/52OVTRKb4zP5onXwVF3zVmmToNcOfGC+CRDpfK/U584fMg38ZHCaElKQ==",
					"requires": {
						"color-name": "~1.1.4"
					}
				},
				"color-name": {
					"version": "1.1.4",
					"resolved": "https://registry.npmjs.org/color-name/-/color-name-1.1.4.tgz",
					"integrity": "sha512-dOy+3AuW3a2wNbZHIuMZpTcgjGuLU/uBL/ubcZF9OXbDo8ff4O8yVp5Bf0efS8uEoYo5q4Fx7dY9OgQGXgAsQA=="
				},
				"has-flag": {
					"version": "4.0.0",
					"resolved": "https://registry.npmjs.org/has-flag/-/has-flag-4.0.0.tgz",
					"integrity": "sha512-EykJT/Q1KjTWctppgIAgfSO0tKVuZUjhgMr17kqTumMl6Afv3EISleU7qZUzoXDFTAHTDC4NOoG/ZxU3EvlMPQ=="
				},
				"supports-color": {
					"version": "7.1.0",
					"resolved": "https://registry.npmjs.org/supports-color/-/supports-color-7.1.0.tgz",
					"integrity": "sha512-oRSIpR8pxT1Wr2FquTNnGet79b3BWljqOuoW/h4oBhxJ/HUbX5nX6JSruTkvXDCFMwDPvsaTTbvMLKZWSy0R5g==",
					"requires": {
						"has-flag": "^4.0.0"
					}
				}
			}
		},
		"colors": {
			"version": "1.2.3",
			"resolved": "https://registry.npmjs.org/colors/-/colors-1.2.3.tgz",
			"integrity": "sha512-qTfM2pNFeMZcLvf/RbrVAzDEVttZjFhaApfx9dplNjvHSX88Ui66zBRb/4YGob/xUWxDceirgoC1lT676asfCQ==",
			"dev": true
		},
		"commondir": {
			"version": "1.0.1",
			"resolved": "https://registry.npmjs.org/commondir/-/commondir-1.0.1.tgz",
			"integrity": "sha1-3dgA2gxmEnOTzKWVDqloo6rxJTs="
		},
		"concat-map": {
			"version": "0.0.1",
			"resolved": "https://registry.npmjs.org/concat-map/-/concat-map-0.0.1.tgz",
			"integrity": "sha1-2Klr13/Wjfd5OnMDajug1UBdR3s=",
			"dev": true
		},
		"dateformat": {
			"version": "3.0.3",
			"resolved": "https://registry.npmjs.org/dateformat/-/dateformat-3.0.3.tgz",
			"integrity": "sha512-jyCETtSl3VMZMWeRo7iY1FL19ges1t55hMo5yaam4Jrsm5EPL89UQkoQRyiI+Yf4k8r2ZpdngkV8hr1lIdjb3Q==",
			"dev": true
		},
		"debug": {
			"version": "4.1.1",
			"resolved": "https://registry.npmjs.org/debug/-/debug-4.1.1.tgz",
			"integrity": "sha512-pYAIzeRo8J6KPEaJ0VWOh5Pzkbw/RetuzehGM7QRRX5he4fPHx2rdKMB256ehJCkX+XRQm16eZLqLNS8RSZXZw==",
			"requires": {
				"ms": "^2.1.1"
			}
		},
		"dom-serializer": {
			"version": "0.2.2",
			"resolved": "https://registry.npmjs.org/dom-serializer/-/dom-serializer-0.2.2.tgz",
			"integrity": "sha512-2/xPb3ORsQ42nHYiSunXkDjPLBaEj/xTwUO4B7XCZQTRk7EBtTOPaygh10YAAh2OI1Qrp6NWfpAhzswj0ydt9g==",
			"requires": {
				"domelementtype": "^2.0.1",
				"entities": "^2.0.0"
			}
		},
		"domelementtype": {
			"version": "2.0.1",
			"resolved": "https://registry.npmjs.org/domelementtype/-/domelementtype-2.0.1.tgz",
			"integrity": "sha512-5HOHUDsYZWV8FGWN0Njbr/Rn7f/eWSQi1v7+HsUVwXgn8nWWlL64zKDkS0n8ZmQ3mlWOMuXOnR+7Nx/5tMO5AQ=="
		},
		"domhandler": {
			"version": "3.0.0",
			"resolved": "https://registry.npmjs.org/domhandler/-/domhandler-3.0.0.tgz",
			"integrity": "sha512-eKLdI5v9m67kbXQbJSNn1zjh0SDzvzWVWtX+qEI3eMjZw8daH9k8rlj1FZY9memPwjiskQFbe7vHVVJIAqoEhw==",
			"requires": {
				"domelementtype": "^2.0.1"
			}
		},
		"domutils": {
			"version": "2.0.0",
			"resolved": "https://registry.npmjs.org/domutils/-/domutils-2.0.0.tgz",
			"integrity": "sha512-n5SelJ1axbO636c2yUtOGia/IcJtVtlhQbFiVDBZHKV5ReJO1ViX7sFEemtuyoAnBxk5meNSYgA8V4s0271efg==",
			"requires": {
				"dom-serializer": "^0.2.1",
				"domelementtype": "^2.0.1",
				"domhandler": "^3.0.0"
			}
		},
		"entities": {
			"version": "2.0.0",
			"resolved": "https://registry.npmjs.org/entities/-/entities-2.0.0.tgz",
			"integrity": "sha512-D9f7V0JSRwIxlRI2mjMqufDrRDnx8p+eEOz7aUM9SuvF8gsBzra0/6tbjl1m8eQHrZlYj6PxqE00hZ1SAIKPLw=="
		},
		"es6-promise": {
			"version": "4.2.8",
			"resolved": "https://registry.npmjs.org/es6-promise/-/es6-promise-4.2.8.tgz",
			"integrity": "sha512-HJDGx5daxeIvxdBxvG2cb9g4tEvwIk3i8+nhX0yGrYmZUzbkdg8QbDevheDB8gd0//uPj4c1EQua8Q+MViT0/w=="
		},
		"es6-promisify": {
			"version": "5.0.0",
			"resolved": "https://registry.npmjs.org/es6-promisify/-/es6-promisify-5.0.0.tgz",
			"integrity": "sha1-UQnWLz5W6pZ8S2NQWu8IKRyKUgM=",
			"requires": {
				"es6-promise": "^4.0.3"
			}
		},
		"find-cache-dir": {
			"version": "3.1.0",
			"resolved": "https://registry.npmjs.org/find-cache-dir/-/find-cache-dir-3.1.0.tgz",
			"integrity": "sha512-zw+EFiNBNPgI2NTrKkDd1xd7q0cs6wr/iWnr/oUkI0yF9K9GqQ+riIt4aiyFaaqpaWbxPrJXHI+QvmNUQbX+0Q==",
			"requires": {
				"commondir": "^1.0.1",
				"make-dir": "^3.0.0",
				"pkg-dir": "^4.1.0"
			}
		},
		"find-up": {
			"version": "4.1.0",
			"resolved": "https://registry.npmjs.org/find-up/-/find-up-4.1.0.tgz",
			"integrity": "sha512-PpOwAdQ/YlXQ2vj8a3h8IipDuYRi3wceVQQGYWxNINccq40Anw7BlsEXCMbt1Zt+OLA6Fq9suIpIWD0OsnISlw==",
			"requires": {
				"locate-path": "^5.0.0",
				"path-exists": "^4.0.0"
			}
		},
		"fs.realpath": {
			"version": "1.0.0",
			"resolved": "https://registry.npmjs.org/fs.realpath/-/fs.realpath-1.0.0.tgz",
			"integrity": "sha1-FQStJSMVjKpA20onh8sBQRmU6k8=",
			"dev": true
		},
		"glob": {
			"version": "7.1.6",
			"resolved": "https://registry.npmjs.org/glob/-/glob-7.1.6.tgz",
			"integrity": "sha512-LwaxwyZ72Lk7vZINtNNrywX0ZuLyStrdDtabefZKAY5ZGJhVtgdznluResxNmPitE0SAO+O26sWTHeKSI2wMBA==",
			"dev": true,
			"requires": {
				"fs.realpath": "^1.0.0",
				"inflight": "^1.0.4",
				"inherits": "2",
				"minimatch": "^3.0.4",
				"once": "^1.3.0",
				"path-is-absolute": "^1.0.0"
			}
		},
		"htmlparser2": {
			"version": "4.0.0",
			"resolved": "https://registry.npmjs.org/htmlparser2/-/htmlparser2-4.0.0.tgz",
			"integrity": "sha512-cChwXn5Vam57fyXajDtPXL1wTYc8JtLbr2TN76FYu05itVVVealxLowe2B3IEznJG4p9HAYn/0tJaRlGuEglFQ==",
			"requires": {
				"domelementtype": "^2.0.1",
				"domhandler": "^3.0.0",
				"domutils": "^2.0.0",
				"entities": "^2.0.0"
			}
		},
		"http-proxy-agent": {
			"version": "2.1.0",
			"resolved": "https://registry.npmjs.org/http-proxy-agent/-/http-proxy-agent-2.1.0.tgz",
			"integrity": "sha512-qwHbBLV7WviBl0rQsOzH6o5lwyOIvwp/BdFnvVxXORldu5TmjFfjzBcWUWS5kWAZhmv+JtiDhSuQCp4sBfbIgg==",
			"requires": {
				"agent-base": "4",
				"debug": "3.1.0"
			},
			"dependencies": {
				"debug": {
					"version": "3.1.0",
					"resolved": "https://registry.npmjs.org/debug/-/debug-3.1.0.tgz",
					"integrity": "sha512-OX8XqP7/1a9cqkxYw2yXss15f26NKWBpDXQd0/uK/KPqdQhxbPa994hnzjcE2VqQpDslf55723cKPUOGSmMY3g==",
					"requires": {
						"ms": "2.0.0"
					}
				},
				"ms": {
					"version": "2.0.0",
					"resolved": "https://registry.npmjs.org/ms/-/ms-2.0.0.tgz",
					"integrity": "sha1-VgiurfwAvmwpAd9fmGF4jeDVl8g="
				}
			}
		},
		"https-proxy-agent": {
			"version": "3.0.1",
			"resolved": "https://registry.npmjs.org/https-proxy-agent/-/https-proxy-agent-3.0.1.tgz",
			"integrity": "sha512-+ML2Rbh6DAuee7d07tYGEKOEi2voWPUGan+ExdPbPW6Z3svq+JCqr0v8WmKPOkz1vOVykPCBSuobe7G8GJUtVg==",
			"requires": {
				"agent-base": "^4.3.0",
				"debug": "^3.1.0"
			},
			"dependencies": {
				"debug": {
					"version": "3.2.6",
					"resolved": "https://registry.npmjs.org/debug/-/debug-3.2.6.tgz",
					"integrity": "sha512-mel+jf7nrtEl5Pn1Qx46zARXKDpBbvzezse7p7LqINmdoIk8PYP5SySaxEmYv6TZ0JyEKA1hsCId6DIhgITtWQ==",
					"requires": {
						"ms": "^2.1.1"
					}
				}
			}
		},
		"inflight": {
			"version": "1.0.6",
			"resolved": "https://registry.npmjs.org/inflight/-/inflight-1.0.6.tgz",
			"integrity": "sha1-Sb1jMdfQLQwJvJEKEHW6gWW1bfk=",
			"dev": true,
			"requires": {
				"once": "^1.3.0",
				"wrappy": "1"
			}
		},
		"inherits": {
			"version": "2.0.4",
			"resolved": "https://registry.npmjs.org/inherits/-/inherits-2.0.4.tgz",
			"integrity": "sha512-k/vGaX4/Yla3WzyMCvTQOXYeIHvqOKtnqBduzTHpzpQZzAskKMhZ2K+EnBiSM9zGSoIFeMpXKxa4dYeZIQqewQ==",
			"dev": true
		},
		"locate-path": {
			"version": "5.0.0",
			"resolved": "https://registry.npmjs.org/locate-path/-/locate-path-5.0.0.tgz",
			"integrity": "sha512-t7hw9pI+WvuwNJXwk5zVHpyhIqzg2qTlklJOf0mVxGSbe3Fp2VieZcduNYjaLDoy6p9uGpQEGWG87WpMKlNq8g==",
			"requires": {
				"p-locate": "^4.1.0"
			}
		},
		"make-dir": {
			"version": "3.0.0",
			"resolved": "https://registry.npmjs.org/make-dir/-/make-dir-3.0.0.tgz",
			"integrity": "sha512-grNJDhb8b1Jm1qeqW5R/O63wUo4UXo2v2HMic6YT9i/HBlF93S8jkMgH7yugvY9ABDShH4VZMn8I+U8+fCNegw==",
			"requires": {
				"semver": "^6.0.0"
			}
		},
		"minimatch": {
			"version": "3.0.4",
			"resolved": "https://registry.npmjs.org/minimatch/-/minimatch-3.0.4.tgz",
			"integrity": "sha512-yJHVQEhyqPLUTgt9B83PXu6W3rx4MvvHvSUvToogpwoGDOUQ+yDrR0HRot+yOCdCO7u4hX3pWft6kWBBcqh0UA==",
			"dev": true,
			"requires": {
				"brace-expansion": "^1.1.7"
			}
		},
		"minimist": {
			"version": "0.0.8",
			"resolved": "https://registry.npmjs.org/minimist/-/minimist-0.0.8.tgz",
			"integrity": "sha1-hX/Kv8M5fSYluCKCYuhqp6ARsF0=",
			"dev": true
		},
		"mkdirp": {
			"version": "0.5.1",
			"resolved": "https://registry.npmjs.org/mkdirp/-/mkdirp-0.5.1.tgz",
			"integrity": "sha1-MAV0OOrGz3+MR2fzhkjWaX11yQM=",
			"dev": true,
			"requires": {
				"minimist": "0.0.8"
			}
		},
		"ms": {
			"version": "2.1.2",
			"resolved": "https://registry.npmjs.org/ms/-/ms-2.1.2.tgz",
			"integrity": "sha512-sGkPx+VjMtmA6MX27oA4FBFELFCZZ4S4XqeGOXCv68tT+jb3vk/RyaKWP0PTKyWtmLSM0b+adUTEvbs1PEaH2w=="
		},
		"ncc": {
			"version": "0.3.6",
			"resolved": "https://registry.npmjs.org/ncc/-/ncc-0.3.6.tgz",
			"integrity": "sha1-EbR6+XPX8jdK9GvA2FMzZqzJCOs=",
			"dev": true,
			"requires": {
				"mkdirp": "^0.5.1",
				"rimraf": "^2.6.1",
				"tracer": "^0.8.7",
				"ws": "^2.3.1"
			}
		},
		"node-fetch": {
			"version": "2.6.0",
			"resolved": "https://registry.npmjs.org/node-fetch/-/node-fetch-2.6.0.tgz",
			"integrity": "sha512-8dG4H5ujfvFiqDmVu9fQ5bOHUC15JMjMY/Zumv26oOvvVJjM67KF8koCWIabKQ1GJIa9r2mMZscBq/TbdOcmNA=="
		},
		"once": {
			"version": "1.4.0",
			"resolved": "https://registry.npmjs.org/once/-/once-1.4.0.tgz",
			"integrity": "sha1-WDsap3WWHUsROsF9nFC6753Xa9E=",
			"dev": true,
			"requires": {
				"wrappy": "1"
			}
		},
		"p-limit": {
			"version": "2.2.1",
			"resolved": "https://registry.npmjs.org/p-limit/-/p-limit-2.2.1.tgz",
			"integrity": "sha512-85Tk+90UCVWvbDavCLKPOLC9vvY8OwEX/RtKF+/1OADJMVlFfEHOiMTPVyxg7mk/dKa+ipdHm0OUkTvCpMTuwg==",
			"requires": {
				"p-try": "^2.0.0"
			}
		},
		"p-locate": {
			"version": "4.1.0",
			"resolved": "https://registry.npmjs.org/p-locate/-/p-locate-4.1.0.tgz",
			"integrity": "sha512-R79ZZ/0wAxKGu3oYMlz8jy/kbhsNrS7SKZ7PxEHBgJ5+F2mtFW2fK2cOtBh1cHYkQsbzFV7I+EoRKe6Yt0oK7A==",
			"requires": {
				"p-limit": "^2.2.0"
			}
		},
		"p-retry": {
			"version": "4.2.0",
			"resolved": "https://registry.npmjs.org/p-retry/-/p-retry-4.2.0.tgz",
			"integrity": "sha512-jPH38/MRh263KKcq0wBNOGFJbm+U6784RilTmHjB/HM9kH9V8WlCpVUcdOmip9cjXOh6MxZ5yk1z2SjDUJfWmA==",
			"requires": {
				"@types/retry": "^0.12.0",
				"retry": "^0.12.0"
			}
		},
		"p-try": {
			"version": "2.2.0",
			"resolved": "https://registry.npmjs.org/p-try/-/p-try-2.2.0.tgz",
			"integrity": "sha512-R4nPAVTAU0B9D35/Gk3uJf/7XYbQcyohSKdvAxIRSNghFl4e71hVoGnBNQz9cWaXxO2I10KTC+3jMdvvoKw6dQ=="
		},
		"path-exists": {
			"version": "4.0.0",
			"resolved": "https://registry.npmjs.org/path-exists/-/path-exists-4.0.0.tgz",
			"integrity": "sha512-ak9Qy5Q7jYb2Wwcey5Fpvg2KoAc/ZIhLSLOSBmRmygPsGwkVVt0fZa0qrtMz+m6tJTAHfZQ8FnmB4MG4LWy7/w=="
		},
		"path-is-absolute": {
			"version": "1.0.1",
			"resolved": "https://registry.npmjs.org/path-is-absolute/-/path-is-absolute-1.0.1.tgz",
			"integrity": "sha1-F0uSaHNVNP+8es5r9TpanhtcX18=",
			"dev": true
		},
		"pkg-dir": {
			"version": "4.2.0",
			"resolved": "https://registry.npmjs.org/pkg-dir/-/pkg-dir-4.2.0.tgz",
			"integrity": "sha512-HRDzbaKjC+AOWVXxAU/x54COGeIv9eb+6CkDSQoNTt4XyWoIJvuPsXizxu/Fr23EiekbtZwmh1IcIG/l/a10GQ==",
			"requires": {
				"find-up": "^4.0.0"
			}
		},
		"progress": {
			"version": "2.0.3",
			"resolved": "https://registry.npmjs.org/progress/-/progress-2.0.3.tgz",
			"integrity": "sha512-7PiHtLll5LdnKIMw100I+8xJXR5gW2QwWYkT6iJva0bXitZKa/XMrSbdmg3r2Xnaidz9Qumd0VPaMrZlF9V9sA=="
		},
		"retry": {
			"version": "0.12.0",
			"resolved": "https://registry.npmjs.org/retry/-/retry-0.12.0.tgz",
			"integrity": "sha1-G0KmJmoh8HQh0bC1S33BZ7AcATs="
		},
		"rimraf": {
			"version": "2.7.1",
			"resolved": "https://registry.npmjs.org/rimraf/-/rimraf-2.7.1.tgz",
			"integrity": "sha512-uWjbaKIK3T1OSVptzX7Nl6PvQ3qAGtKEtVRjRuazjfL3Bx5eI409VZSqgND+4UNnmzLVdPj9FqFJNPqBZFve4w==",
			"dev": true,
			"requires": {
				"glob": "^7.1.3"
			}
		},
		"safe-buffer": {
			"version": "5.0.1",
			"resolved": "https://registry.npmjs.org/safe-buffer/-/safe-buffer-5.0.1.tgz",
			"integrity": "sha1-0mPKVGls2KMGtcplUekt5XkY++c=",
			"dev": true
		},
		"semver": {
			"version": "6.3.0",
			"resolved": "https://registry.npmjs.org/semver/-/semver-6.3.0.tgz",
			"integrity": "sha512-b39TBaTSfV6yBrapU89p5fKekE2m/NwnDocOVruQFS1/veMgdzuPcnOM34M6CwxW8jH/lxEa5rBoDeUwu5HHTw=="
		},
		"tinytim": {
			"version": "0.1.1",
			"resolved": "https://registry.npmjs.org/tinytim/-/tinytim-0.1.1.tgz",
			"integrity": "sha1-yWih5VWa2VUyJO92J7qzTjyu+Kg=",
			"dev": true
		},
		"tracer": {
			"version": "0.8.15",
			"resolved": "https://registry.npmjs.org/tracer/-/tracer-0.8.15.tgz",
			"integrity": "sha512-ZQzlhd6zZFIpAhACiZkxLjl65XqVwi8t8UEBVGRIHAQN6nj55ftJWiFell+WSqWCP/vEycrIbUSuiyMwul+TFw==",
			"dev": true,
			"requires": {
				"colors": "1.2.3",
				"dateformat": "3.0.3",
				"mkdirp": "^0.5.1",
				"tinytim": "0.1.1"
			}
		},
		"typescript": {
			"version": "3.7.2",
			"resolved": "https://registry.npmjs.org/typescript/-/typescript-3.7.2.tgz",
			"integrity": "sha512-ml7V7JfiN2Xwvcer+XAf2csGO1bPBdRbFCkYBczNZggrBZ9c7G3riSUeJmqEU5uOtXNPMhE3n+R4FA/3YOAWOQ==",
			"dev": true
		},
		"ultron": {
			"version": "1.1.1",
			"resolved": "https://registry.npmjs.org/ultron/-/ultron-1.1.1.tgz",
			"integrity": "sha512-UIEXBNeYmKptWH6z8ZnqTeS8fV74zG0/eRU9VGkpzz+LIJNs8W/zM/L+7ctCkRrgbNnnR0xxw4bKOr0cW0N0Og==",
			"dev": true
		},
		"wrappy": {
			"version": "1.0.2",
			"resolved": "https://registry.npmjs.org/wrappy/-/wrappy-1.0.2.tgz",
			"integrity": "sha1-tSQ9jz7BqjXxNkYFvA0QNuMKtp8=",
			"dev": true
		},
		"ws": {
			"version": "2.3.1",
			"resolved": "https://registry.npmjs.org/ws/-/ws-2.3.1.tgz",
			"integrity": "sha1-a5Sz5EfLajY/eF6vlK9jWejoHIA=",
			"dev": true,
			"requires": {
				"safe-buffer": "~5.0.1",
				"ultron": "~1.1.0"
			}
		}
	}
}
