lockfileVersion: '9.0'

settings:
  autoInstallPeers: true
  excludeLinksFromLockfile: false

importers:

  .:
    dependencies:
      '@prisma/client':
        specifier: /tmp/prisma-client-0.0.0.tgz
        version: file:../../../tmp/prisma-client-0.0.0.tgz(prisma@file:../../../tmp/prisma-0.0.0.tgz)
    devDependencies:
      prisma:
        specifier: /tmp/prisma-0.0.0.tgz
        version: file:../../../tmp/prisma-0.0.0.tgz

packages:

  '@prisma/client@file:../../../tmp/prisma-client-0.0.0.tgz':
    resolution: {integrity: sha512-7QGVstcewu+vaEVD+ggzy33/m+wyK1JgbbQNCYHVfwN2f/pNZuyG0Ru1iN9CPCz4WhoOlQyRoMg4MXTlbJAUOg==, tarball: file:../../../tmp/prisma-client-0.0.0.tgz}
    version: 0.0.0
    engines: {node: '>=16.13'}
    peerDependencies:
      prisma: '*'
    peerDependenciesMeta:
      prisma:
        optional: true

  '@prisma/debug@file:../../../tmp/prisma-debug-0.0.0.tgz':
    resolution: {integrity: sha512-gT8UKOPzaeSvAXppXIhY2xIVrAQV/DahWDSiI3GZThYlFF/rDwF3yyDPGdrBCR4BxYrrrLp6unDNV99S7ZjjGg==, tarball: file:../../../tmp/prisma-debug-0.0.0.tgz}
    version: 0.0.0

  '@prisma/engines-version@5.21.0-8.031f4d3fc290d071071bf02083dc6e7b783469e2':
    resolution: {integrity: sha512-PQ1eVUIrKAtcRMTjm9Rn2HGb/LTbxfav0qN5ax6QwadfaW+qq/iE/GbMzwuKQngZCW7ic6B+H+kOG6XFYaDoaA==}

  '@prisma/engines@file:../../../tmp/prisma-engines-0.0.0.tgz':
    resolution: {integrity: sha512-Oq/myVReZAgCk3uBBVSwsMGeEy8LcBBF5VAxzAsFP8ZarAnDctRTidopPYY2KTeL2zQkoawtK3Rf6Kp8JYhaRg==, tarball: file:../../../tmp/prisma-engines-0.0.0.tgz}
    version: 0.0.0

  '@prisma/fetch-engine@file:../../../tmp/prisma-fetch-engine-0.0.0.tgz':
    resolution: {integrity: sha512-3be4SfSuKyWbeWrdkZDikhO+umHVnYUNmzSPJ5nBCDIm2F+9tN+i6aeJ3WRKbnjNo2ty7G1NQcrlKIMbgGIbRg==, tarball: file:../../../tmp/prisma-fetch-engine-0.0.0.tgz}
    version: 0.0.0

  '@prisma/get-platform@file:../../../tmp/prisma-get-platform-0.0.0.tgz':
    resolution: {integrity: sha512-HmiOrWwIQWDNpKrD1iR2oDHgljYYd+x0A89bJjckhHkgvLe9YhDVroa3xXlbT+9PS6B0PSbvvPhACohrYNVhag==, tarball: file:../../../tmp/prisma-get-platform-0.0.0.tgz}
    version: 0.0.0

  fsevents@2.3.3:
    resolution: {integrity: sha512-5xoDfX+fL7faATnagmWPpbFtwh/R77WmMMqqHGS65C3vvB0YHrgF+B1YmZ3441tMj5n63k0212XNoJwzlhffQw==}
    engines: {node: ^8.16.0 || ^10.6.0 || >=11.0.0}
    os: [darwin]

  prisma@file:../../../tmp/prisma-0.0.0.tgz:
    resolution: {integrity: sha512-6NJhShdX6eOboKQ+Veqm2vVGN/VWbWhmooNp5p7X2sVvgtbYjFLpqhMSYjCaVt3IqBC+5xtFUbVXvaa1VTHMcg==, tarball: file:../../../tmp/prisma-0.0.0.tgz}
    version: 0.0.0
    engines: {node: '>=16.13'}
    hasBin: true

snapshots:

  '@prisma/client@file:../../../tmp/prisma-client-0.0.0.tgz(prisma@file:../../../tmp/prisma-0.0.0.tgz)':
    optionalDependencies:
      prisma: file:../../../tmp/prisma-0.0.0.tgz

  '@prisma/debug@file:../../../tmp/prisma-debug-0.0.0.tgz': {}

  '@prisma/engines-version@5.21.0-8.031f4d3fc290d071071bf02083dc6e7b783469e2': {}

  '@prisma/engines@file:../../../tmp/prisma-engines-0.0.0.tgz':
    dependencies:
      '@prisma/debug': file:../../../tmp/prisma-debug-0.0.0.tgz
      '@prisma/engines-version': 5.21.0-8.031f4d3fc290d071071bf02083dc6e7b783469e2
      '@prisma/fetch-engine': file:../../../tmp/prisma-fetch-engine-0.0.0.tgz
      '@prisma/get-platform': file:../../../tmp/prisma-get-platform-0.0.0.tgz

  '@prisma/fetch-engine@file:../../../tmp/prisma-fetch-engine-0.0.0.tgz':
    dependencies:
      '@prisma/debug': file:../../../tmp/prisma-debug-0.0.0.tgz
      '@prisma/engines-version': 5.21.0-8.031f4d3fc290d071071bf02083dc6e7b783469e2
      '@prisma/get-platform': file:../../../tmp/prisma-get-platform-0.0.0.tgz

  '@prisma/get-platform@file:../../../tmp/prisma-get-platform-0.0.0.tgz':
    dependencies:
      '@prisma/debug': file:../../../tmp/prisma-debug-0.0.0.tgz

  fsevents@2.3.3:
    optional: true

  prisma@file:../../../tmp/prisma-0.0.0.tgz:
    dependencies:
      '@prisma/engines': file:../../../tmp/prisma-engines-0.0.0.tgz
    optionalDependencies:
      fsevents: 2.3.3
