lockfileVersion: '9.0'

settings:
  autoInstallPeers: true
  excludeLinksFromLockfile: false

importers:

  .:
    dependencies:
      '@prisma/client':
        specifier: /tmp/prisma-client-0.0.0.tgz
        version: file:../../../tmp/prisma-client-0.0.0.tgz(prisma@file:../../../tmp/prisma-0.0.0.tgz)
    devDependencies:
      prisma:
        specifier: /tmp/prisma-0.0.0.tgz
        version: file:../../../tmp/prisma-0.0.0.tgz

packages:

  '@prisma/client@file:../../../tmp/prisma-client-0.0.0.tgz':
    resolution: {integrity: sha512-ThKXy3fL1EqlT0PEyefnOPZj7tX5D1iTqAL4+crHYqW+ZbBXsJUOu+xLhYXHNcbpnZREAcRXxQ/flUjucin0EQ==, tarball: file:../../../tmp/prisma-client-0.0.0.tgz}
    version: 0.0.0
    engines: {node: '>=16.13'}
    peerDependencies:
      prisma: '*'
    peerDependenciesMeta:
      prisma:
        optional: true

  '@prisma/debug@file:../../../tmp/prisma-debug-0.0.0.tgz':
    resolution: {integrity: sha512-2VXtJtsATHPvvDKHtmwL1OhbkUlpKbwP+1JhBMUunIVakWlmHUagOepgoHzYoAxP5lVYfukxKCscPA0MHOIBXg==, tarball: file:../../../tmp/prisma-debug-0.0.0.tgz}
    version: 0.0.0

  '@prisma/engines-version@5.16.0-5.6f3b8db04fa234ab2812fdd27456e9d9590eedb1':
    resolution: {integrity: sha512-GG/bi6v9Dyi7nXuwxuBUPfRfOY+6+CuIOColL4/eCOmoDg8BKew/XFGD6Fhun0okj9ZQx9p7j5ciWJ1H1K1jGw==}

  '@prisma/engines@file:../../../tmp/prisma-engines-0.0.0.tgz':
    resolution: {integrity: sha512-3V4ciyXO0kMnubWa0V+fZoT31vgMWwq9lsvGtgixfmvqEK+Mzyop5HU9yRHtLIXlJECxTjM5CRITzcFAwSPbJw==, tarball: file:../../../tmp/prisma-engines-0.0.0.tgz}
    version: 0.0.0

  '@prisma/fetch-engine@file:../../../tmp/prisma-fetch-engine-0.0.0.tgz':
    resolution: {integrity: sha512-jtnDWE7OxEQzyNo4DyKVAVQqk+eBUrekyTKzpXxWiX4ddGGfKDMXJRCiqq1P3hTYoCOciXkZk9idL3MXr5d49A==, tarball: file:../../../tmp/prisma-fetch-engine-0.0.0.tgz}
    version: 0.0.0

  '@prisma/get-platform@file:../../../tmp/prisma-get-platform-0.0.0.tgz':
    resolution: {integrity: sha512-E4eYJaJH14bTVpkcYBtWqjhaoxJV2tT/nO5o2jL/U5YfBNjH+ucqECTonB2n82jXSiC5c4YFhUEBA0fHW+Xf5Q==, tarball: file:../../../tmp/prisma-get-platform-0.0.0.tgz}
    version: 0.0.0

  prisma@file:../../../tmp/prisma-0.0.0.tgz:
    resolution: {integrity: sha512-oBzwJaiLpw6IvEAhc73UFC5XIDEZekYD8osi/uPb7OyPKoAdlTGypIyL/qdgea9Zpb2tRlkdP+K67NMK+/T6sw==, tarball: file:../../../tmp/prisma-0.0.0.tgz}
    version: 0.0.0
    engines: {node: '>=16.13'}
    hasBin: true

snapshots:

  '@prisma/client@file:../../../tmp/prisma-client-0.0.0.tgz(prisma@file:../../../tmp/prisma-0.0.0.tgz)':
    optionalDependencies:
      prisma: file:../../../tmp/prisma-0.0.0.tgz

  '@prisma/debug@file:../../../tmp/prisma-debug-0.0.0.tgz': {}

  '@prisma/engines-version@5.16.0-5.6f3b8db04fa234ab2812fdd27456e9d9590eedb1': {}

  '@prisma/engines@file:../../../tmp/prisma-engines-0.0.0.tgz':
    dependencies:
      '@prisma/debug': file:../../../tmp/prisma-debug-0.0.0.tgz
      '@prisma/engines-version': 5.16.0-5.6f3b8db04fa234ab2812fdd27456e9d9590eedb1
      '@prisma/fetch-engine': file:../../../tmp/prisma-fetch-engine-0.0.0.tgz
      '@prisma/get-platform': file:../../../tmp/prisma-get-platform-0.0.0.tgz

  '@prisma/fetch-engine@file:../../../tmp/prisma-fetch-engine-0.0.0.tgz':
    dependencies:
      '@prisma/debug': file:../../../tmp/prisma-debug-0.0.0.tgz
      '@prisma/engines-version': 5.16.0-5.6f3b8db04fa234ab2812fdd27456e9d9590eedb1
      '@prisma/get-platform': file:../../../tmp/prisma-get-platform-0.0.0.tgz

  '@prisma/get-platform@file:../../../tmp/prisma-get-platform-0.0.0.tgz':
    dependencies:
      '@prisma/debug': file:../../../tmp/prisma-debug-0.0.0.tgz

  prisma@file:../../../tmp/prisma-0.0.0.tgz:
    dependencies:
      '@prisma/engines': file:../../../tmp/prisma-engines-0.0.0.tgz
