lockfileVersion: '6.0'

settings:
  autoInstallPeers: true
  excludeLinksFromLockfile: false

dependencies:
  '@prisma/client':
    specifier: /tmp/prisma-client-0.0.0.tgz
    version: file:../../../tmp/prisma-client-0.0.0.tgz(prisma@0.0.0)

devDependencies:
  '@types/node':
    specifier: 16.18.11
    version: 16.18.11
  expect-type:
    specifier: 0.15.0
    version: 0.15.0
  prisma:
    specifier: /tmp/prisma-0.0.0.tgz
    version: file:../../../tmp/prisma-0.0.0.tgz

packages:

  /@prisma/engines-version@5.2.0-24.0bc8ee687eb17771fa7ca5167bcad38f8f2d0847:
    resolution: {integrity: sha512-0duW1QeAa4KZqG9MvcTqyzHW8Sq+idG9kYoGsoDHaOOm+TeUkh+m+OM8zdWQLXyIsTbdYLRRTd1xkGaYgq2A1g==}
    dev: false

  /@types/node@16.18.11:
    resolution: {integrity: sha512-3oJbGBUWuS6ahSnEq1eN2XrCyf4YsWI8OyCvo7c64zQJNplk3mO84t53o8lfTk+2ji59g5ycfc6qQ3fdHliHuA==}
    dev: true

  /expect-type@0.15.0:
    resolution: {integrity: sha512-yWnriYB4e8G54M5/fAFj7rCIBiKs1HAACaY13kCz6Ku0dezjS9aMcfcdVK2X8Tv2tEV1BPz/wKfQ7WA4S/d8aA==}
    dev: true

  file:../../../tmp/prisma-0.0.0.tgz:
    resolution: {integrity: sha512-2c5fQfRRXju+5z9VOMSxmj2C5q727jmVXR2Ye/xJ1ojhAfQ/7/RIH7d7B9l+w21/kxwDQDBZCxink2QRh/guXA==, tarball: file:../../../tmp/prisma-0.0.0.tgz}
    name: prisma
    version: 0.0.0
    engines: {node: '>=16.13'}
    hasBin: true
    requiresBuild: true
    dependencies:
      '@prisma/engines': file:../../../tmp/prisma-engines-0.0.0.tgz

  file:../../../tmp/prisma-client-0.0.0.tgz(prisma@0.0.0):
    resolution: {integrity: sha512-LTOcioYvKWVyDfqADdLPOQ4ONQ3PPud5JvXrNwyj8iAaSF5UP3esfbdkyeb+QpNqLinXd4kfMrKjab+UNRt5Cg==, tarball: file:../../../tmp/prisma-client-0.0.0.tgz}
    id: file:../../../tmp/prisma-client-0.0.0.tgz
    name: '@prisma/client'
    version: 0.0.0
    engines: {node: '>=16.13'}
    requiresBuild: true
    peerDependencies:
      prisma: '*'
    peerDependenciesMeta:
      prisma:
        optional: true
    dependencies:
      '@prisma/engines-version': 5.2.0-24.0bc8ee687eb17771fa7ca5167bcad38f8f2d0847
      prisma: file:../../../tmp/prisma-0.0.0.tgz
    dev: false

  file:../../../tmp/prisma-engines-0.0.0.tgz:
    resolution: {integrity: sha512-XZHbwnYoPT+fVgA4A3+mic2oWtEMJv84PcieH3vQr8zj0b0ombF1grop5PiY0L887LMir9nVgWCwZo+hkP/++w==, tarball: file:../../../tmp/prisma-engines-0.0.0.tgz}
    name: '@prisma/engines'
    version: 0.0.0
    requiresBuild: true
