lockfileVersion: '6.0'

settings:
  autoInstallPeers: true
  excludeLinksFromLockfile: false

dependencies:
  '@prisma/client':
    specifier: /tmp/prisma-client-0.0.0.tgz
    version: file:../../../../../../../../../../tmp/prisma-client-0.0.0.tgz(prisma@0.0.0)
  typescript:
    specifier: 5.4.5
    version: 5.4.5

devDependencies:
  '@types/node':
    specifier: 18.19.50
    version: 18.19.50
  prisma:
    specifier: /tmp/prisma-0.0.0.tgz
    version: file:../../../../../../../../../../tmp/prisma-0.0.0.tgz

packages:

  /@prisma/engines-version@5.20.0-8.c9ff5773c72b821ff6daf2c55dbe3809eae7c2c7:
    resolution: {integrity: sha512-eYEw5NURBuh5Lcvm1+JnxKVKwgQxhAceA9kTVtl5mfd5R6ajfaMYY3bKOhhMmg0GQqV3QR4W3sycj4E4/f7NWw==}

  /@types/node@18.19.50:
    resolution: {integrity: sha512-xonK+NRrMBRtkL1hVCc3G+uXtjh1Al4opBLjqVmipe5ZAaBYWW6cNAiBVZ1BvmkBhep698rP3UM3aRAdSALuhg==}
    dependencies:
      undici-types: 5.26.5
    dev: true

  /fsevents@2.3.3:
    resolution: {integrity: sha512-5xoDfX+fL7faATnagmWPpbFtwh/R77WmMMqqHGS65C3vvB0YHrgF+B1YmZ3441tMj5n63k0212XNoJwzlhffQw==}
    engines: {node: ^8.16.0 || ^10.6.0 || >=11.0.0}
    os: [darwin]
    requiresBuild: true
    optional: true

  /typescript@5.4.5:
    resolution: {integrity: sha512-vcI4UpRgg81oIRUFwR0WSIHKt11nJ7SAVlYNIu+QpqeyXP+gpQJy/Z4+F0aGxSE4MqwjyXvW/TzgkLAx2AGHwQ==}
    engines: {node: '>=14.17'}
    hasBin: true
    dev: false

  /undici-types@5.26.5:
    resolution: {integrity: sha512-JlCMO+ehdEIKqlFxk6IfVoAUVmgz7cU7zD/h9XZ0qzeosSHmUJVOzSQvvYSYWXkFXC+IfLKSIffhv0sVZup6pA==}
    dev: true

  file:../../../../../../../../../../tmp/prisma-0.0.0.tgz:
    resolution: {integrity: sha512-wgRvnqpskt6xfTKtOVYCbuWt+7hCGwn6P4CcbSFW5d4ZWOgE7vkJsZvPD2JHuwns1oFu0MPliUIv/8W3Wuqvjg==, tarball: file:../../../../../../../../../../tmp/prisma-0.0.0.tgz}
    name: prisma
    version: 0.0.0
    engines: {node: '>=16.13'}
    hasBin: true
    requiresBuild: true
    dependencies:
      '@prisma/engines': file:../../../../../../../../../../tmp/prisma-engines-0.0.0.tgz
    optionalDependencies:
      fsevents: 2.3.3

  file:../../../../../../../../../../tmp/prisma-client-0.0.0.tgz(prisma@0.0.0):
    resolution: {integrity: sha512-jhnEYKqM6iJYVaiZIPbGOtT3dgw3AbOla8iptWeJvhU8iI49In42hohBwg3ytQqXdjQUGGp4D5oQymG1QKRTfA==, tarball: file:../../../../../../../../../../tmp/prisma-client-0.0.0.tgz}
    id: file:../../../../../../../../../../tmp/prisma-client-0.0.0.tgz
    name: '@prisma/client'
    version: 0.0.0
    engines: {node: '>=16.13'}
    requiresBuild: true
    peerDependencies:
      prisma: '*'
    peerDependenciesMeta:
      prisma:
        optional: true
    dependencies:
      prisma: file:../../../../../../../../../../tmp/prisma-0.0.0.tgz
    dev: false

  file:../../../../../../../../../../tmp/prisma-debug-0.0.0.tgz:
    resolution: {integrity: sha512-wwja1z9F/AlHQnxNbyWP2rCo1E5tOwJEC97Dtj3G+/8ssgr8jyHrdi9lCexo81vApcmPeoDhizCIKe47z118dQ==, tarball: file:../../../../../../../../../../tmp/prisma-debug-0.0.0.tgz}
    name: '@prisma/debug'
    version: 0.0.0

  file:../../../../../../../../../../tmp/prisma-engines-0.0.0.tgz:
    resolution: {integrity: sha512-bEAqhP3whqzdWhWrllXyvo5aPah1gTqUcJxS0F72eif7YlhwMk+lLOgShDDVProSn5S/R7/RnIvwUQGNmhnUYA==, tarball: file:../../../../../../../../../../tmp/prisma-engines-0.0.0.tgz}
    name: '@prisma/engines'
    version: 0.0.0
    requiresBuild: true
    dependencies:
      '@prisma/debug': file:../../../../../../../../../../tmp/prisma-debug-0.0.0.tgz
      '@prisma/engines-version': 5.20.0-8.c9ff5773c72b821ff6daf2c55dbe3809eae7c2c7
      '@prisma/fetch-engine': file:../../../../../../../../../../tmp/prisma-fetch-engine-0.0.0.tgz
      '@prisma/get-platform': file:../../../../../../../../../../tmp/prisma-get-platform-0.0.0.tgz

  file:../../../../../../../../../../tmp/prisma-fetch-engine-0.0.0.tgz:
    resolution: {integrity: sha512-p+9QDp5/ZyfgPpIy54LLn4UXKqusk9ftwPVLo6y+nNFGDAXNB+7oc2UyQ82f+q3Cda9Bp/KDhrDu10KDC5cKdg==, tarball: file:../../../../../../../../../../tmp/prisma-fetch-engine-0.0.0.tgz}
    name: '@prisma/fetch-engine'
    version: 0.0.0
    dependencies:
      '@prisma/debug': file:../../../../../../../../../../tmp/prisma-debug-0.0.0.tgz
      '@prisma/engines-version': 5.20.0-8.c9ff5773c72b821ff6daf2c55dbe3809eae7c2c7
      '@prisma/get-platform': file:../../../../../../../../../../tmp/prisma-get-platform-0.0.0.tgz

  file:../../../../../../../../../../tmp/prisma-get-platform-0.0.0.tgz:
    resolution: {integrity: sha512-s1xjGocOenORqrtWbwjU0g5SKOCBWD8MseL7qXSUXYAg/gfA7tE38qW/T8QnTkRklH3qluJGaF//kMKRZ4M+Tw==, tarball: file:../../../../../../../../../../tmp/prisma-get-platform-0.0.0.tgz}
    name: '@prisma/get-platform'
    version: 0.0.0
    dependencies:
      '@prisma/debug': file:../../../../../../../../../../tmp/prisma-debug-0.0.0.tgz
