lockfileVersion: '9.0'

settings:
  autoInstallPeers: true
  excludeLinksFromLockfile: false

importers:

  .:
    dependencies:
      '@prisma/client':
        specifier: /tmp/prisma-client-0.0.0.tgz
        version: file:../../../../../../../../../tmp/prisma-client-0.0.0.tgz(prisma@file:../../../../../../../../../tmp/prisma-0.0.0.tgz)
      prisma:
        specifier: /tmp/prisma-0.0.0.tgz
        version: file:../../../../../../../../../tmp/prisma-0.0.0.tgz
      zx:
        specifier: 8.5.4
        version: 8.5.4
    devDependencies:
      '@types/node':
        specifier: 22.15.23
        version: 22.15.23

packages:

  '@prisma/client@file:../../../../../../../../../tmp/prisma-client-0.0.0.tgz':
    resolution: {integrity: sha512-VdzB3hcCSR1u3UU0iXO6hgIAIKZthkBHvO0F29py7dRU/M2IzBloq8G98sDMAlkZKQNbMlVCfrL1ZzrwDWoMyw==, tarball: file:../../../../../../../../../tmp/prisma-client-0.0.0.tgz}
    version: 0.0.0
    engines: {node: '>=18.18'}
    peerDependencies:
      prisma: '*'
      typescript: '>=5.1.0'
    peerDependenciesMeta:
      prisma:
        optional: true
      typescript:
        optional: true

  '@prisma/config@file:../../../../../../../../../tmp/prisma-config-0.0.0.tgz':
    resolution: {integrity: sha512-fOvRKk4XBOFA0E4Oa63gr/I9vmKCuQgULThzkIIaEY1AHIncLd3zLvJXmxpZ50Zdc2tBeE7rSIG+obeHYdkz/g==, tarball: file:../../../../../../../../../tmp/prisma-config-0.0.0.tgz}
    version: 0.0.0

  '@prisma/debug@file:../../../../../../../../../tmp/prisma-debug-0.0.0.tgz':
    resolution: {integrity: sha512-FtfD/WYg21KnaiPr7TQ6mh2Cwz/zar4+apN5ZWal10QYLRsUiJUw4HGWq7MHUcSnoOYk/L0vcY96Cm6+uWTLvg==, tarball: file:../../../../../../../../../tmp/prisma-debug-0.0.0.tgz}
    version: 0.0.0

  '@prisma/engines-version@6.8.0-43.2060c79ba17c6bb9f5823312b6f6b7f4a845738e':
    resolution: {integrity: sha512-Rkik9lMyHpFNGaLpPF3H5q5TQTkm/aE7DsGM5m92FZTvWQsvmi6Va8On3pWvqLHOt5aPUvFb/FeZTmphI4CPiQ==}

  '@prisma/engines@file:../../../../../../../../../tmp/prisma-engines-0.0.0.tgz':
    resolution: {integrity: sha512-CCvdVujazarXsAgV2ABC8/sB+PGh2IeMWuNwC+B7gevkLpoBNIxXAsZ+9+nE/tYHyUz7wu4dwSwb8iPeHqgLKg==, tarball: file:../../../../../../../../../tmp/prisma-engines-0.0.0.tgz}
    version: 0.0.0

  '@prisma/fetch-engine@file:../../../../../../../../../tmp/prisma-fetch-engine-0.0.0.tgz':
    resolution: {integrity: sha512-taHZL+jtdP0XiqaqLi++KVKdPquIWsys+4LGpuZPdpt0ijPgkb0VaDGPmfC/0ZMuzP0RrB5SSvVkMn+9KTr3sw==, tarball: file:../../../../../../../../../tmp/prisma-fetch-engine-0.0.0.tgz}
    version: 0.0.0

  '@prisma/get-platform@file:../../../../../../../../../tmp/prisma-get-platform-0.0.0.tgz':
    resolution: {integrity: sha512-QiZ+pkcLfgzFyVt0RgUbW2xIass7uYPQXyNnm3fIu57izOCXlHtZAYNd17/OvqGVeo0eJ4NhcVYeLgNEQjCMrw==, tarball: file:../../../../../../../../../tmp/prisma-get-platform-0.0.0.tgz}
    version: 0.0.0

  '@types/node@22.15.23':
    resolution: {integrity: sha512-7Ec1zaFPF4RJ0eXu1YT/xgiebqwqoJz8rYPDi/O2BcZ++Wpt0Kq9cl0eg6NN6bYbPnR67ZLo7St5Q3UK0SnARw==}

  jiti@2.4.2:
    resolution: {integrity: sha512-rg9zJN+G4n2nfJl5MW3BMygZX56zKPNVEYYqq7adpmMh4Jn2QNEwhvQlFy6jPVdcod7txZtKHWnyZiA3a0zP7A==}
    hasBin: true

  prisma@file:../../../../../../../../../tmp/prisma-0.0.0.tgz:
    resolution: {integrity: sha512-FTXeCgvCF6oM7fccnZR+9XeDH71E0ZGQPk4L5HZhBLYHHlt8HGS3rYCTDRLTg4PPOFYmXayNTdshdjgWkfjvZw==, tarball: file:../../../../../../../../../tmp/prisma-0.0.0.tgz}
    version: 0.0.0
    engines: {node: '>=18.18'}
    hasBin: true
    peerDependencies:
      typescript: '>=5.1.0'
    peerDependenciesMeta:
      typescript:
        optional: true

  undici-types@6.21.0:
    resolution: {integrity: sha512-iwDZqg0QAGrg9Rav5H4n0M64c3mkR59cJ6wQp+7C4nI0gsmExaedaYLNO44eT4AtBBwjbTiGPMlt2Md0T9H9JQ==}

  zx@8.5.4:
    resolution: {integrity: sha512-44oKea9Sa8ZnOkTnS6fRJpg3quzgnbB43nLrVfYnqE86J4sxgZMUDLezzKET/FdOAVkF4X+Alm9Bume+W+RW9Q==}
    engines: {node: '>= 12.17.0'}
    hasBin: true

snapshots:

  '@prisma/client@file:../../../../../../../../../tmp/prisma-client-0.0.0.tgz(prisma@file:../../../../../../../../../tmp/prisma-0.0.0.tgz)':
    optionalDependencies:
      prisma: file:../../../../../../../../../tmp/prisma-0.0.0.tgz

  '@prisma/config@file:../../../../../../../../../tmp/prisma-config-0.0.0.tgz':
    dependencies:
      jiti: 2.4.2

  '@prisma/debug@file:../../../../../../../../../tmp/prisma-debug-0.0.0.tgz': {}

  '@prisma/engines-version@6.8.0-43.2060c79ba17c6bb9f5823312b6f6b7f4a845738e': {}

  '@prisma/engines@file:../../../../../../../../../tmp/prisma-engines-0.0.0.tgz':
    dependencies:
      '@prisma/debug': file:../../../../../../../../../tmp/prisma-debug-0.0.0.tgz
      '@prisma/engines-version': 6.8.0-43.2060c79ba17c6bb9f5823312b6f6b7f4a845738e
      '@prisma/fetch-engine': file:../../../../../../../../../tmp/prisma-fetch-engine-0.0.0.tgz
      '@prisma/get-platform': file:../../../../../../../../../tmp/prisma-get-platform-0.0.0.tgz

  '@prisma/fetch-engine@file:../../../../../../../../../tmp/prisma-fetch-engine-0.0.0.tgz':
    dependencies:
      '@prisma/debug': file:../../../../../../../../../tmp/prisma-debug-0.0.0.tgz
      '@prisma/engines-version': 6.8.0-43.2060c79ba17c6bb9f5823312b6f6b7f4a845738e
      '@prisma/get-platform': file:../../../../../../../../../tmp/prisma-get-platform-0.0.0.tgz

  '@prisma/get-platform@file:../../../../../../../../../tmp/prisma-get-platform-0.0.0.tgz':
    dependencies:
      '@prisma/debug': file:../../../../../../../../../tmp/prisma-debug-0.0.0.tgz

  '@types/node@22.15.23':
    dependencies:
      undici-types: 6.21.0

  jiti@2.4.2: {}

  prisma@file:../../../../../../../../../tmp/prisma-0.0.0.tgz:
    dependencies:
      '@prisma/config': file:../../../../../../../../../tmp/prisma-config-0.0.0.tgz
      '@prisma/engines': file:../../../../../../../../../tmp/prisma-engines-0.0.0.tgz

  undici-types@6.21.0: {}

  zx@8.5.4: {}
