lockfileVersion: '9.0'

settings:
  autoInstallPeers: true
  excludeLinksFromLockfile: false

importers:

  .:
    dependencies:
      '@prisma/client':
        specifier: /tmp/prisma-client-0.0.0.tgz
        version: file:../../tmp/prisma-client-0.0.0.tgz(prisma@file:../../tmp/prisma-0.0.0.tgz)
      prisma:
        specifier: /tmp/prisma-0.0.0.tgz
        version: file:../../tmp/prisma-0.0.0.tgz
    devDependencies:
      '@types/node':
        specifier: 22.15.23
        version: 22.15.23

packages:

  '@prisma/client@file:../../tmp/prisma-client-0.0.0.tgz':
    resolution: {integrity: sha512-KR9/mrid3Dmyu3Py0+pxmuS8ck5GBeaVB3G6uNPwU6B+VEZhkSTEFQnF4zqD6jgZ8mSukmBkl5wdsoGXqm0e3A==, tarball: file:../../tmp/prisma-client-0.0.0.tgz}
    version: 0.0.0
    engines: {node: '>=18.18'}
    peerDependencies:
      prisma: '*'
      typescript: '>=5.1.0'
    peerDependenciesMeta:
      prisma:
        optional: true
      typescript:
        optional: true

  '@prisma/config@file:../../tmp/prisma-config-0.0.0.tgz':
    resolution: {integrity: sha512-vkovD6oyp02B43nOjDzY/nFK4YNa19GO25NRWxXIhDvU6imyLVsiOXGdBIeADxA4bmoVz2h7jpdRWT2+VJCQlw==, tarball: file:../../tmp/prisma-config-0.0.0.tgz}
    version: 0.0.0

  '@prisma/debug@file:../../tmp/prisma-debug-0.0.0.tgz':
    resolution: {integrity: sha512-avZg7b7zLFQh9uJUCGg2KlPzNZVdgPuSGDpsm1wIiyfkVXJ17yvJUOToHdLxw1d91csBXv/eyvs/4M0+kZZwYw==, tarball: file:../../tmp/prisma-debug-0.0.0.tgz}
    version: 0.0.0

  '@prisma/engines-version@6.10.0-34.e6b48d184465be4b54acae924ed99763db7d4dfe':
    resolution: {integrity: sha512-K2YzFwAZN/GZYlR2kSnFW1jDghpOkPO2KXCT4doINYOCThgFvOmi2aRvJf5ilTd0D9bW9Ukh7kHuiwGqAPKZCA==}

  '@prisma/engines@file:../../tmp/prisma-engines-0.0.0.tgz':
    resolution: {integrity: sha512-sPPa85hs3UcDYDxgy8H5vpSDYa+d0wLSvR8hNWD+kA0a/+4A+6cRLeVYzoEAl28+ItlDG1dphQdlM8702iUQQA==, tarball: file:../../tmp/prisma-engines-0.0.0.tgz}
    version: 0.0.0

  '@prisma/fetch-engine@file:../../tmp/prisma-fetch-engine-0.0.0.tgz':
    resolution: {integrity: sha512-MLckWfoCwmaPl+AK4G4Lqa7Auc9nTUGU2ovuuZGlKCNWTFPOy/xzgbFK6Eq9bjkUyzC7/4EBT1V7B96is+0CPA==, tarball: file:../../tmp/prisma-fetch-engine-0.0.0.tgz}
    version: 0.0.0

  '@prisma/get-platform@file:../../tmp/prisma-get-platform-0.0.0.tgz':
    resolution: {integrity: sha512-3QmN+CWpsXVEW/oTyXtJL3UUZ6TLAVsh8zaGa9QQJgeP8oe6OfJ/ceppzwDohbGj0s/OMm1XeWAR8kMFv4nvyg==, tarball: file:../../tmp/prisma-get-platform-0.0.0.tgz}
    version: 0.0.0

  '@types/node@22.15.23':
    resolution: {integrity: sha512-7Ec1zaFPF4RJ0eXu1YT/xgiebqwqoJz8rYPDi/O2BcZ++Wpt0Kq9cl0eg6NN6bYbPnR67ZLo7St5Q3UK0SnARw==}

  jiti@2.4.2:
    resolution: {integrity: sha512-rg9zJN+G4n2nfJl5MW3BMygZX56zKPNVEYYqq7adpmMh4Jn2QNEwhvQlFy6jPVdcod7txZtKHWnyZiA3a0zP7A==}
    hasBin: true

  prisma@file:../../tmp/prisma-0.0.0.tgz:
    resolution: {integrity: sha512-uOEc17Nr1VQsa4G0pq6+QQwSwN2vwxphqvOG8RPXU4279y8Em7Pj14ufNcjtyVVYFku8OyYCRXhOg/iXm9pn0w==, tarball: file:../../tmp/prisma-0.0.0.tgz}
    version: 0.0.0
    engines: {node: '>=18.18'}
    hasBin: true
    peerDependencies:
      typescript: '>=5.1.0'
    peerDependenciesMeta:
      typescript:
        optional: true

  undici-types@6.21.0:
    resolution: {integrity: sha512-iwDZqg0QAGrg9Rav5H4n0M64c3mkR59cJ6wQp+7C4nI0gsmExaedaYLNO44eT4AtBBwjbTiGPMlt2Md0T9H9JQ==}

snapshots:

  '@prisma/client@file:../../tmp/prisma-client-0.0.0.tgz(prisma@file:../../tmp/prisma-0.0.0.tgz)':
    optionalDependencies:
      prisma: file:../../tmp/prisma-0.0.0.tgz

  '@prisma/config@file:../../tmp/prisma-config-0.0.0.tgz':
    dependencies:
      jiti: 2.4.2

  '@prisma/debug@file:../../tmp/prisma-debug-0.0.0.tgz': {}

  '@prisma/engines-version@6.10.0-34.e6b48d184465be4b54acae924ed99763db7d4dfe': {}

  '@prisma/engines@file:../../tmp/prisma-engines-0.0.0.tgz':
    dependencies:
      '@prisma/debug': file:../../tmp/prisma-debug-0.0.0.tgz
      '@prisma/engines-version': 6.10.0-34.e6b48d184465be4b54acae924ed99763db7d4dfe
      '@prisma/fetch-engine': file:../../tmp/prisma-fetch-engine-0.0.0.tgz
      '@prisma/get-platform': file:../../tmp/prisma-get-platform-0.0.0.tgz

  '@prisma/fetch-engine@file:../../tmp/prisma-fetch-engine-0.0.0.tgz':
    dependencies:
      '@prisma/debug': file:../../tmp/prisma-debug-0.0.0.tgz
      '@prisma/engines-version': 6.10.0-34.e6b48d184465be4b54acae924ed99763db7d4dfe
      '@prisma/get-platform': file:../../tmp/prisma-get-platform-0.0.0.tgz

  '@prisma/get-platform@file:../../tmp/prisma-get-platform-0.0.0.tgz':
    dependencies:
      '@prisma/debug': file:../../tmp/prisma-debug-0.0.0.tgz

  '@types/node@22.15.23':
    dependencies:
      undici-types: 6.21.0

  jiti@2.4.2: {}

  prisma@file:../../tmp/prisma-0.0.0.tgz:
    dependencies:
      '@prisma/config': file:../../tmp/prisma-config-0.0.0.tgz
      '@prisma/engines': file:../../tmp/prisma-engines-0.0.0.tgz

  undici-types@6.21.0: {}
