# THIS IS AN AUTOGENERATED FILE. DO NOT EDIT THIS FILE DIRECTLY.
# yarn lockfile v1


prisma2@^2.0.0-alpha.36:
  version "2.0.0-alpha.36"
  resolved "https://registry.yarnpkg.com/prisma2/-/prisma2-2.0.0-alpha.36.tgz#84fbaf42ed690e769525c9571d87898d4ebc8b6a"
  integrity sha512-3YfUAjTePqcqPjnmmX+WHwSEPEqZrZbRE50VKVJcDWpkNMKnowWTM/F55qcqBbq4ADKFEBZGPk1EjDGLKEX8jg==
